// !$*UTF8*$!
{
	archiveVersion = 1;
	classes = {
	};
	objectVersion = 46;
	objects = {

/* Begin PBXBuildFile section */
		5A22FD9B1B2E92250005AFDC /* IDAPCourseUITests.m in Sources */ = {isa = PBXBuildFile; fileRef = 5A22FD9A1B2E92250005AFDC /* IDAPCourseUITests.m */; };
		5A22FDB01B2E935B0005AFDC /* Info.plist in Resources */ = {isa = PBXBuildFile; fileRef = 5A22FDA51B2E935B0005AFDC /* Info.plist */; };
		5A22FDB11B2E935B0005AFDC /* main.m in Sources */ = {isa = PBXBuildFile; fileRef = 5A22FDA61B2E935B0005AFDC /* main.m */; };
		5A22FDB21B2E935B0005AFDC /* LaunchScreen.xib in Resources */ = {isa = PBXBuildFile; fileRef = 5A22FDA81B2E935B0005AFDC /* LaunchScreen.xib */; };
		5A22FDB31B2E935B0005AFDC /* Images.xcassets in Resources */ = {isa = PBXBuildFile; fileRef = 5A22FDAA1B2E935B0005AFDC /* Images.xcassets */; };
		5A4CC0A11B6770A300A79584 /* TYVContext.m in Sources */ = {isa = PBXBuildFile; fileRef = 5A4CC00A1B6770A300A79584 /* TYVContext.m */; };
		5A4CC0A31B6770A300A79584 /* TYVLoginContext.m in Sources */ = {isa = PBXBuildFile; fileRef = 5A4CC0101B6770A300A79584 /* TYVLoginContext.m */; };
		5A4CC0A41B6770A300A79584 /* TYVUserContext.m in Sources */ = {isa = PBXBuildFile; fileRef = 5A4CC0131B6770A300A79584 /* TYVUserContext.m */; };
		5A4CC0A51B6770A300A79584 /* TYVUsersContext.m in Sources */ = {isa = PBXBuildFile; fileRef = 5A4CC0161B6770A300A79584 /* TYVUsersContext.m */; };
		5A4CC0A61B6770A300A79584 /* NSArray+TYVExtentions.m in Sources */ = {isa = PBXBuildFile; fileRef = 5A4CC01B1B6770A300A79584 /* NSArray+TYVExtentions.m */; };
		5A4CC0A71B6770A300A79584 /* NSBundle+TYVExtensions.m in Sources */ = {isa = PBXBuildFile; fileRef = 5A4CC01E1B6770A300A79584 /* NSBundle+TYVExtensions.m */; };
		5A4CC0A81B6770A300A79584 /* NSFileManager+TYVExtensions.m in Sources */ = {isa = PBXBuildFile; fileRef = 5A4CC0211B6770A300A79584 /* NSFileManager+TYVExtensions.m */; };
		5A4CC0A91B6770A300A79584 /* NSIndexPath+TYVExtensions.m in Sources */ = {isa = PBXBuildFile; fileRef = 5A4CC0241B6770A300A79584 /* NSIndexPath+TYVExtensions.m */; };
		5A4CC0AA1B6770A300A79584 /* NSMutableArray+TYVExtensions.m in Sources */ = {isa = PBXBuildFile; fileRef = 5A4CC0271B6770A300A79584 /* NSMutableArray+TYVExtensions.m */; };
		5A4CC0AB1B6770A300A79584 /* NSString+TYVExtensions.m in Sources */ = {isa = PBXBuildFile; fileRef = 5A4CC02A1B6770A300A79584 /* NSString+TYVExtensions.m */; };
		5A4CC0AC1B6770A300A79584 /* UINib+TYVExtentions.m in Sources */ = {isa = PBXBuildFile; fileRef = 5A4CC02D1B6770A300A79584 /* UINib+TYVExtentions.m */; };
		5A4CC0AD1B6770A300A79584 /* UITableView+TYVExtentions.m in Sources */ = {isa = PBXBuildFile; fileRef = 5A4CC0301B6770A300A79584 /* UITableView+TYVExtentions.m */; };
		5A4CC0AE1B6770A300A79584 /* UIWindow+TYVExtentions.m in Sources */ = {isa = PBXBuildFile; fileRef = 5A4CC0331B6770A300A79584 /* UIWindow+TYVExtentions.m */; };
		5A4CC0AF1B6770A300A79584 /* TYVAbstractDataModel.m in Sources */ = {isa = PBXBuildFile; fileRef = 5A4CC0371B6770A300A79584 /* TYVAbstractDataModel.m */; };
		5A4CC0B01B6770A300A79584 /* TYVAbstractNavigationViewController.m in Sources */ = {isa = PBXBuildFile; fileRef = 5A4CC03B1B6770A300A79584 /* TYVAbstractNavigationViewController.m */; };
		5A4CC0B11B6770A300A79584 /* TYVAbstractViewController.m in Sources */ = {isa = PBXBuildFile; fileRef = 5A4CC03E1B6770A300A79584 /* TYVAbstractViewController.m */; };
		5A4CC0B21B6770A300A79584 /* TYVDataArrayModelInfo.m in Sources */ = {isa = PBXBuildFile; fileRef = 5A4CC0411B6770A300A79584 /* TYVDataArrayModelInfo.m */; };
		5A4CC0B31B6770A300A79584 /* TYVImageCache.m in Sources */ = {isa = PBXBuildFile; fileRef = 5A4CC0441B6770A300A79584 /* TYVImageCache.m */; };
		5A4CC0B41B6770A300A79584 /* TYVModelArray.m in Sources */ = {isa = PBXBuildFile; fileRef = 5A4CC0471B6770A300A79584 /* TYVModelArray.m */; };
		5A4CC0B51B6770A300A79584 /* TYVModelMovingPosition.m in Sources */ = {isa = PBXBuildFile; fileRef = 5A4CC04A1B6770A300A79584 /* TYVModelMovingPosition.m */; };
		5A4CC0B61B6770A300A79584 /* TYVTableViewCell.m in Sources */ = {isa = PBXBuildFile; fileRef = 5A4CC04D1B6770A300A79584 /* TYVTableViewCell.m */; };
		5A4CC0B71B6770A300A79584 /* TYVMacro.m in Sources */ = {isa = PBXBuildFile; fileRef = 5A4CC04F1B6770A300A79584 /* TYVMacro.m */; };
		5A4CC0B81B6770A300A79584 /* TYVDataArrayModel.m in Sources */ = {isa = PBXBuildFile; fileRef = 5A4CC0531B6770A300A79584 /* TYVDataArrayModel.m */; };
		5A4CC0B91B6770A300A79584 /* TYVDataModel.m in Sources */ = {isa = PBXBuildFile; fileRef = 5A4CC0561B6770A300A79584 /* TYVDataModel.m */; };
		5A4CC0BA1B6770A300A79584 /* TYVImageModel.m in Sources */ = {isa = PBXBuildFile; fileRef = 5A4CC0591B6770A300A79584 /* TYVImageModel.m */; };
		5A4CC0BB1B6770A300A79584 /* TYVSquare.m in Sources */ = {isa = PBXBuildFile; fileRef = 5A4CC05C1B6770A300A79584 /* TYVSquare.m */; };
		5A4CC0BC1B6770A300A79584 /* TYVUserModel.m in Sources */ = {isa = PBXBuildFile; fileRef = 5A4CC05F1B6770A300A79584 /* TYVUserModel.m */; };
		5A4CC0BD1B6770A300A79584 /* TYVUsersModel.m in Sources */ = {isa = PBXBuildFile; fileRef = 5A4CC0621B6770A300A79584 /* TYVUsersModel.m */; };
		5A4CC0BE1B6770A300A79584 /* TYVAppDelegate.m in Sources */ = {isa = PBXBuildFile; fileRef = 5A4CC0641B6770A300A79584 /* TYVAppDelegate.m */; };
		5A4CC0BF1B6770A300A79584 /* TYVDispatch.m in Sources */ = {isa = PBXBuildFile; fileRef = 5A4CC0671B6770A300A79584 /* TYVDispatch.m */; };
		5A4CC0C01B6770A300A79584 /* TYVProtocolObservableObject.m in Sources */ = {isa = PBXBuildFile; fileRef = 5A4CC06A1B6770A300A79584 /* TYVProtocolObservableObject.m */; };
		5A4CC0C11B6770A300A79584 /* TYVFBNavigationViewController.m in Sources */ = {isa = PBXBuildFile; fileRef = 5A4CC06E1B6770A300A79584 /* TYVFBNavigationViewController.m */; };
		5A4CC0C21B6770A300A79584 /* TYVFriendDetailViewController.m in Sources */ = {isa = PBXBuildFile; fileRef = 5A4CC0711B6770A300A79584 /* TYVFriendDetailViewController.m */; };
		5A4CC0C31B6770A300A79584 /* TYVFriendDetailViewController.xib in Resources */ = {isa = PBXBuildFile; fileRef = 5A4CC0721B6770A300A79584 /* TYVFriendDetailViewController.xib */; };
		5A4CC0C41B6770A300A79584 /* TYVFriendsView.m in Sources */ = {isa = PBXBuildFile; fileRef = 5A4CC0751B6770A300A79584 /* TYVFriendsView.m */; };
		5A4CC0C51B6770A300A79584 /* TYVFriendsViewController.m in Sources */ = {isa = PBXBuildFile; fileRef = 5A4CC0771B6770A300A79584 /* TYVFriendsViewController.m */; };
		5A4CC0C61B6770A300A79584 /* TYVFriendsViewController.xib in Resources */ = {isa = PBXBuildFile; fileRef = 5A4CC0781B6770A300A79584 /* TYVFriendsViewController.xib */; };
		5A4CC0C71B6770A300A79584 /* TYVFriendCell.m in Sources */ = {isa = PBXBuildFile; fileRef = 5A4CC07C1B6770A300A79584 /* TYVFriendCell.m */; };
		5A4CC0C81B6770A300A79584 /* TYVFriendCell.xib in Resources */ = {isa = PBXBuildFile; fileRef = 5A4CC07D1B6770A300A79584 /* TYVFriendCell.xib */; };
		5A4CC0C91B6770A300A79584 /* TYVLoginView.m in Sources */ = {isa = PBXBuildFile; fileRef = 5A4CC0801B6770A300A79584 /* TYVLoginView.m */; };
		5A4CC0CA1B6770A300A79584 /* TYVLoginViewController.m in Sources */ = {isa = PBXBuildFile; fileRef = 5A4CC0821B6770A300A79584 /* TYVLoginViewController.m */; };
		5A4CC0CB1B6770A300A79584 /* TYVLoginViewController.xib in Resources */ = {isa = PBXBuildFile; fileRef = 5A4CC0831B6770A300A79584 /* TYVLoginViewController.xib */; };
		5A4CC0CC1B6770A300A79584 /* TYVSquareView.m in Sources */ = {isa = PBXBuildFile; fileRef = 5A4CC0861B6770A300A79584 /* TYVSquareView.m */; };
		5A4CC0CD1B6770A300A79584 /* TYVSquareViewController.m in Sources */ = {isa = PBXBuildFile; fileRef = 5A4CC0881B6770A300A79584 /* TYVSquareViewController.m */; };
		5A4CC0CE1B6770A300A79584 /* TYVSquareViewController.xib in Resources */ = {isa = PBXBuildFile; fileRef = 5A4CC0891B6770A300A79584 /* TYVSquareViewController.xib */; };
		5A4CC0CF1B6770A300A79584 /* TYVTableView.m in Sources */ = {isa = PBXBuildFile; fileRef = 5A4CC08C1B6770A300A79584 /* TYVTableView.m */; };
		5A4CC0D01B6770A300A79584 /* TYVTableViewController.m in Sources */ = {isa = PBXBuildFile; fileRef = 5A4CC08E1B6770A300A79584 /* TYVTableViewController.m */; };
		5A4CC0D11B6770A300A79584 /* TYVTableViewController.xib in Resources */ = {isa = PBXBuildFile; fileRef = 5A4CC08F1B6770A300A79584 /* TYVTableViewController.xib */; };
		5A4CC0D21B6770A300A79584 /* TYVDataCell.m in Sources */ = {isa = PBXBuildFile; fileRef = 5A4CC0931B6770A300A79584 /* TYVDataCell.m */; };
		5A4CC0D31B6770A300A79584 /* TYVDataCell.xib in Resources */ = {isa = PBXBuildFile; fileRef = 5A4CC0941B6770A300A79584 /* TYVDataCell.xib */; };
		5A4CC0D41B6770A300A79584 /* TYVImageView.m in Sources */ = {isa = PBXBuildFile; fileRef = 5A4CC0971B6770A300A79584 /* TYVImageView.m */; };
		5A4CC0D51B6770A300A79584 /* TYVImageView.xib in Resources */ = {isa = PBXBuildFile; fileRef = 5A4CC0981B6770A300A79584 /* TYVImageView.xib */; };
		5A4CC0D61B6770A300A79584 /* TYVLoadingView.m in Sources */ = {isa = PBXBuildFile; fileRef = 5A4CC09B1B6770A300A79584 /* TYVLoadingView.m */; };
		5A4CC0D71B6770A300A79584 /* TYVLoadingView.xib in Resources */ = {isa = PBXBuildFile; fileRef = 5A4CC09C1B6770A300A79584 /* TYVLoadingView.xib */; };
		5A4CC0D81B6770A300A79584 /* TYVLoadingViewHolder.m in Sources */ = {isa = PBXBuildFile; fileRef = 5A4CC09F1B6770A300A79584 /* TYVLoadingViewHolder.m */; };
		5A4CC0DD1B679FD400A79584 /* TYVFriendDetailView.m in Sources */ = {isa = PBXBuildFile; fileRef = 5A4CC0DC1B679FD400A79584 /* TYVFriendDetailView.m */; };
		5A9820B51B32E9F3009B9CF3 /* image.jpeg in Resources */ = {isa = PBXBuildFile; fileRef = 5A9820B31B32E9F3009B9CF3 /* image.jpeg */; };
		5A9820B61B32E9F3009B9CF3 /* Orion_Nebula.jpg in Resources */ = {isa = PBXBuildFile; fileRef = 5A9820B41B32E9F3009B9CF3 /* Orion_Nebula.jpg */; };
		6331696513B748192E956D52 /* libPods-IDAPCourseUITests.a in Frameworks */ = {isa = PBXBuildFile; fileRef = 03B92650CB89E7C229EF2529 /* libPods-IDAPCourseUITests.a */; };
		80E9027A2ABB246E5F9AC024 /* libPods.a in Frameworks */ = {isa = PBXBuildFile; fileRef = CDC0467829F53D11C6545E79 /* libPods.a */; };
/* End PBXBuildFile section */

/* Begin PBXContainerItemProxy section */
		5A22FD951B2E92250005AFDC /* PBXContainerItemProxy */ = {
			isa = PBXContainerItemProxy;
			containerPortal = 5A22FD731B2E92250005AFDC /* Project object */;
			proxyType = 1;
			remoteGlobalIDString = 5A22FD7A1B2E92250005AFDC;
			remoteInfo = IDAPCourseUI;
		};
/* End PBXContainerItemProxy section */

/* Begin PBXFileReference section */
		03B92650CB89E7C229EF2529 /* libPods-IDAPCourseUITests.a */ = {isa = PBXFileReference; explicitFileType = archive.ar; includeInIndex = 0; path = "libPods-IDAPCourseUITests.a"; sourceTree = BUILT_PRODUCTS_DIR; };
		459BAD12DEC453190A158615 /* Pods-IDAPCourseUITests.release.xcconfig */ = {isa = PBXFileReference; includeInIndex = 1; lastKnownFileType = text.xcconfig; name = "Pods-IDAPCourseUITests.release.xcconfig"; path = "Pods/Target Support Files/Pods-IDAPCourseUITests/Pods-IDAPCourseUITests.release.xcconfig"; sourceTree = "<group>"; };
		5A22FD7B1B2E92250005AFDC /* IDAPCourseUI.app */ = {isa = PBXFileReference; explicitFileType = wrapper.application; includeInIndex = 0; path = IDAPCourseUI.app; sourceTree = BUILT_PRODUCTS_DIR; };
		5A22FD941B2E92250005AFDC /* IDAPCourseUITests.xctest */ = {isa = PBXFileReference; explicitFileType = wrapper.cfbundle; includeInIndex = 0; path = IDAPCourseUITests.xctest; sourceTree = BUILT_PRODUCTS_DIR; };
		5A22FD991B2E92250005AFDC /* Info.plist */ = {isa = PBXFileReference; lastKnownFileType = text.plist.xml; path = Info.plist; sourceTree = "<group>"; };
		5A22FD9A1B2E92250005AFDC /* IDAPCourseUITests.m */ = {isa = PBXFileReference; lastKnownFileType = sourcecode.c.objc; path = IDAPCourseUITests.m; sourceTree = "<group>"; };
		5A22FDA51B2E935B0005AFDC /* Info.plist */ = {isa = PBXFileReference; fileEncoding = 4; lastKnownFileType = text.plist.xml; path = Info.plist; sourceTree = "<group>"; };
		5A22FDA61B2E935B0005AFDC /* main.m */ = {isa = PBXFileReference; fileEncoding = 4; lastKnownFileType = sourcecode.c.objc; path = main.m; sourceTree = "<group>"; };
		5A22FDA91B2E935B0005AFDC /* Base */ = {isa = PBXFileReference; lastKnownFileType = file.xib; name = Base; path = Base.lproj/LaunchScreen.xib; sourceTree = "<group>"; };
		5A22FDAA1B2E935B0005AFDC /* Images.xcassets */ = {isa = PBXFileReference; lastKnownFileType = folder.assetcatalog; path = Images.xcassets; sourceTree = "<group>"; };
		5A4CC0091B6770A300A79584 /* TYVContext.h */ = {isa = PBXFileReference; fileEncoding = 4; lastKnownFileType = sourcecode.c.h; path = TYVContext.h; sourceTree = "<group>"; };
		5A4CC00A1B6770A300A79584 /* TYVContext.m */ = {isa = PBXFileReference; fileEncoding = 4; lastKnownFileType = sourcecode.c.objc; path = TYVContext.m; sourceTree = "<group>"; };
		5A4CC00F1B6770A300A79584 /* TYVLoginContext.h */ = {isa = PBXFileReference; fileEncoding = 4; lastKnownFileType = sourcecode.c.h; path = TYVLoginContext.h; sourceTree = "<group>"; };
		5A4CC0101B6770A300A79584 /* TYVLoginContext.m */ = {isa = PBXFileReference; fileEncoding = 4; lastKnownFileType = sourcecode.c.objc; path = TYVLoginContext.m; sourceTree = "<group>"; };
		5A4CC0121B6770A300A79584 /* TYVUserContext.h */ = {isa = PBXFileReference; fileEncoding = 4; lastKnownFileType = sourcecode.c.h; path = TYVUserContext.h; sourceTree = "<group>"; };
		5A4CC0131B6770A300A79584 /* TYVUserContext.m */ = {isa = PBXFileReference; fileEncoding = 4; lastKnownFileType = sourcecode.c.objc; path = TYVUserContext.m; sourceTree = "<group>"; };
		5A4CC0151B6770A300A79584 /* TYVUsersContext.h */ = {isa = PBXFileReference; fileEncoding = 4; lastKnownFileType = sourcecode.c.h; path = TYVUsersContext.h; sourceTree = "<group>"; };
		5A4CC0161B6770A300A79584 /* TYVUsersContext.m */ = {isa = PBXFileReference; fileEncoding = 4; lastKnownFileType = sourcecode.c.objc; path = TYVUsersContext.m; sourceTree = "<group>"; };
		5A4CC01A1B6770A300A79584 /* NSArray+TYVExtentions.h */ = {isa = PBXFileReference; fileEncoding = 4; lastKnownFileType = sourcecode.c.h; path = "NSArray+TYVExtentions.h"; sourceTree = "<group>"; };
		5A4CC01B1B6770A300A79584 /* NSArray+TYVExtentions.m */ = {isa = PBXFileReference; fileEncoding = 4; lastKnownFileType = sourcecode.c.objc; path = "NSArray+TYVExtentions.m"; sourceTree = "<group>"; };
		5A4CC01D1B6770A300A79584 /* NSBundle+TYVExtensions.h */ = {isa = PBXFileReference; fileEncoding = 4; lastKnownFileType = sourcecode.c.h; path = "NSBundle+TYVExtensions.h"; sourceTree = "<group>"; };
		5A4CC01E1B6770A300A79584 /* NSBundle+TYVExtensions.m */ = {isa = PBXFileReference; fileEncoding = 4; lastKnownFileType = sourcecode.c.objc; path = "NSBundle+TYVExtensions.m"; sourceTree = "<group>"; };
		5A4CC0201B6770A300A79584 /* NSFileManager+TYVExtensions.h */ = {isa = PBXFileReference; fileEncoding = 4; lastKnownFileType = sourcecode.c.h; path = "NSFileManager+TYVExtensions.h"; sourceTree = "<group>"; };
		5A4CC0211B6770A300A79584 /* NSFileManager+TYVExtensions.m */ = {isa = PBXFileReference; fileEncoding = 4; lastKnownFileType = sourcecode.c.objc; path = "NSFileManager+TYVExtensions.m"; sourceTree = "<group>"; };
		5A4CC0231B6770A300A79584 /* NSIndexPath+TYVExtensions.h */ = {isa = PBXFileReference; fileEncoding = 4; lastKnownFileType = sourcecode.c.h; path = "NSIndexPath+TYVExtensions.h"; sourceTree = "<group>"; };
		5A4CC0241B6770A300A79584 /* NSIndexPath+TYVExtensions.m */ = {isa = PBXFileReference; fileEncoding = 4; lastKnownFileType = sourcecode.c.objc; path = "NSIndexPath+TYVExtensions.m"; sourceTree = "<group>"; };
		5A4CC0261B6770A300A79584 /* NSMutableArray+TYVExtensions.h */ = {isa = PBXFileReference; fileEncoding = 4; lastKnownFileType = sourcecode.c.h; path = "NSMutableArray+TYVExtensions.h"; sourceTree = "<group>"; };
		5A4CC0271B6770A300A79584 /* NSMutableArray+TYVExtensions.m */ = {isa = PBXFileReference; fileEncoding = 4; lastKnownFileType = sourcecode.c.objc; path = "NSMutableArray+TYVExtensions.m"; sourceTree = "<group>"; };
		5A4CC0291B6770A300A79584 /* NSString+TYVExtensions.h */ = {isa = PBXFileReference; fileEncoding = 4; lastKnownFileType = sourcecode.c.h; path = "NSString+TYVExtensions.h"; sourceTree = "<group>"; };
		5A4CC02A1B6770A300A79584 /* NSString+TYVExtensions.m */ = {isa = PBXFileReference; fileEncoding = 4; lastKnownFileType = sourcecode.c.objc; path = "NSString+TYVExtensions.m"; sourceTree = "<group>"; };
		5A4CC02C1B6770A300A79584 /* UINib+TYVExtentions.h */ = {isa = PBXFileReference; fileEncoding = 4; lastKnownFileType = sourcecode.c.h; path = "UINib+TYVExtentions.h"; sourceTree = "<group>"; };
		5A4CC02D1B6770A300A79584 /* UINib+TYVExtentions.m */ = {isa = PBXFileReference; fileEncoding = 4; lastKnownFileType = sourcecode.c.objc; path = "UINib+TYVExtentions.m"; sourceTree = "<group>"; };
		5A4CC02F1B6770A300A79584 /* UITableView+TYVExtentions.h */ = {isa = PBXFileReference; fileEncoding = 4; lastKnownFileType = sourcecode.c.h; path = "UITableView+TYVExtentions.h"; sourceTree = "<group>"; };
		5A4CC0301B6770A300A79584 /* UITableView+TYVExtentions.m */ = {isa = PBXFileReference; fileEncoding = 4; lastKnownFileType = sourcecode.c.objc; path = "UITableView+TYVExtentions.m"; sourceTree = "<group>"; };
		5A4CC0321B6770A300A79584 /* UIWindow+TYVExtentions.h */ = {isa = PBXFileReference; fileEncoding = 4; lastKnownFileType = sourcecode.c.h; path = "UIWindow+TYVExtentions.h"; sourceTree = "<group>"; };
		5A4CC0331B6770A300A79584 /* UIWindow+TYVExtentions.m */ = {isa = PBXFileReference; fileEncoding = 4; lastKnownFileType = sourcecode.c.objc; path = "UIWindow+TYVExtentions.m"; sourceTree = "<group>"; };
		5A4CC0361B6770A300A79584 /* TYVAbstractDataModel.h */ = {isa = PBXFileReference; fileEncoding = 4; lastKnownFileType = sourcecode.c.h; path = TYVAbstractDataModel.h; sourceTree = "<group>"; };
		5A4CC0371B6770A300A79584 /* TYVAbstractDataModel.m */ = {isa = PBXFileReference; fileEncoding = 4; lastKnownFileType = sourcecode.c.objc; path = TYVAbstractDataModel.m; sourceTree = "<group>"; };
		5A4CC0381B6770A300A79584 /* TYVAbstractDataModelProtocol.h */ = {isa = PBXFileReference; fileEncoding = 4; lastKnownFileType = sourcecode.c.h; path = TYVAbstractDataModelProtocol.h; sourceTree = "<group>"; };
		5A4CC03A1B6770A300A79584 /* TYVAbstractNavigationViewController.h */ = {isa = PBXFileReference; fileEncoding = 4; lastKnownFileType = sourcecode.c.h; path = TYVAbstractNavigationViewController.h; sourceTree = "<group>"; };
		5A4CC03B1B6770A300A79584 /* TYVAbstractNavigationViewController.m */ = {isa = PBXFileReference; fileEncoding = 4; lastKnownFileType = sourcecode.c.objc; path = TYVAbstractNavigationViewController.m; sourceTree = "<group>"; };
		5A4CC03D1B6770A300A79584 /* TYVAbstractViewController.h */ = {isa = PBXFileReference; fileEncoding = 4; lastKnownFileType = sourcecode.c.h; path = TYVAbstractViewController.h; sourceTree = "<group>"; };
		5A4CC03E1B6770A300A79584 /* TYVAbstractViewController.m */ = {isa = PBXFileReference; fileEncoding = 4; lastKnownFileType = sourcecode.c.objc; path = TYVAbstractViewController.m; sourceTree = "<group>"; };
		5A4CC0401B6770A300A79584 /* TYVDataArrayModelInfo.h */ = {isa = PBXFileReference; fileEncoding = 4; lastKnownFileType = sourcecode.c.h; path = TYVDataArrayModelInfo.h; sourceTree = "<group>"; };
		5A4CC0411B6770A300A79584 /* TYVDataArrayModelInfo.m */ = {isa = PBXFileReference; fileEncoding = 4; lastKnownFileType = sourcecode.c.objc; path = TYVDataArrayModelInfo.m; sourceTree = "<group>"; };
		5A4CC0431B6770A300A79584 /* TYVImageCache.h */ = {isa = PBXFileReference; fileEncoding = 4; lastKnownFileType = sourcecode.c.h; path = TYVImageCache.h; sourceTree = "<group>"; };
		5A4CC0441B6770A300A79584 /* TYVImageCache.m */ = {isa = PBXFileReference; fileEncoding = 4; lastKnownFileType = sourcecode.c.objc; path = TYVImageCache.m; sourceTree = "<group>"; };
		5A4CC0461B6770A300A79584 /* TYVModelArray.h */ = {isa = PBXFileReference; fileEncoding = 4; lastKnownFileType = sourcecode.c.h; path = TYVModelArray.h; sourceTree = "<group>"; };
		5A4CC0471B6770A300A79584 /* TYVModelArray.m */ = {isa = PBXFileReference; fileEncoding = 4; lastKnownFileType = sourcecode.c.objc; path = TYVModelArray.m; sourceTree = "<group>"; };
		5A4CC0491B6770A300A79584 /* TYVModelMovingPosition.h */ = {isa = PBXFileReference; fileEncoding = 4; lastKnownFileType = sourcecode.c.h; path = TYVModelMovingPosition.h; sourceTree = "<group>"; };
		5A4CC04A1B6770A300A79584 /* TYVModelMovingPosition.m */ = {isa = PBXFileReference; fileEncoding = 4; lastKnownFileType = sourcecode.c.objc; path = TYVModelMovingPosition.m; sourceTree = "<group>"; };
		5A4CC04C1B6770A300A79584 /* TYVTableViewCell.h */ = {isa = PBXFileReference; fileEncoding = 4; lastKnownFileType = sourcecode.c.h; path = TYVTableViewCell.h; sourceTree = "<group>"; };
		5A4CC04D1B6770A300A79584 /* TYVTableViewCell.m */ = {isa = PBXFileReference; fileEncoding = 4; lastKnownFileType = sourcecode.c.objc; path = TYVTableViewCell.m; sourceTree = "<group>"; };
		5A4CC04E1B6770A300A79584 /* TYVMacro.h */ = {isa = PBXFileReference; fileEncoding = 4; lastKnownFileType = sourcecode.c.h; path = TYVMacro.h; sourceTree = "<group>"; };
		5A4CC04F1B6770A300A79584 /* TYVMacro.m */ = {isa = PBXFileReference; fileEncoding = 4; lastKnownFileType = sourcecode.c.objc; path = TYVMacro.m; sourceTree = "<group>"; };
		5A4CC0521B6770A300A79584 /* TYVDataArrayModel.h */ = {isa = PBXFileReference; fileEncoding = 4; lastKnownFileType = sourcecode.c.h; path = TYVDataArrayModel.h; sourceTree = "<group>"; };
		5A4CC0531B6770A300A79584 /* TYVDataArrayModel.m */ = {isa = PBXFileReference; fileEncoding = 4; lastKnownFileType = sourcecode.c.objc; path = TYVDataArrayModel.m; sourceTree = "<group>"; };
		5A4CC0551B6770A300A79584 /* TYVDataModel.h */ = {isa = PBXFileReference; fileEncoding = 4; lastKnownFileType = sourcecode.c.h; path = TYVDataModel.h; sourceTree = "<group>"; };
		5A4CC0561B6770A300A79584 /* TYVDataModel.m */ = {isa = PBXFileReference; fileEncoding = 4; lastKnownFileType = sourcecode.c.objc; path = TYVDataModel.m; sourceTree = "<group>"; };
		5A4CC0581B6770A300A79584 /* TYVImageModel.h */ = {isa = PBXFileReference; fileEncoding = 4; lastKnownFileType = sourcecode.c.h; path = TYVImageModel.h; sourceTree = "<group>"; };
		5A4CC0591B6770A300A79584 /* TYVImageModel.m */ = {isa = PBXFileReference; fileEncoding = 4; lastKnownFileType = sourcecode.c.objc; path = TYVImageModel.m; sourceTree = "<group>"; };
		5A4CC05B1B6770A300A79584 /* TYVSquare.h */ = {isa = PBXFileReference; fileEncoding = 4; lastKnownFileType = sourcecode.c.h; path = TYVSquare.h; sourceTree = "<group>"; };
		5A4CC05C1B6770A300A79584 /* TYVSquare.m */ = {isa = PBXFileReference; fileEncoding = 4; lastKnownFileType = sourcecode.c.objc; path = TYVSquare.m; sourceTree = "<group>"; };
		5A4CC05E1B6770A300A79584 /* TYVUserModel.h */ = {isa = PBXFileReference; fileEncoding = 4; lastKnownFileType = sourcecode.c.h; path = TYVUserModel.h; sourceTree = "<group>"; };
		5A4CC05F1B6770A300A79584 /* TYVUserModel.m */ = {isa = PBXFileReference; fileEncoding = 4; lastKnownFileType = sourcecode.c.objc; path = TYVUserModel.m; sourceTree = "<group>"; };
		5A4CC0611B6770A300A79584 /* TYVUsersModel.h */ = {isa = PBXFileReference; fileEncoding = 4; lastKnownFileType = sourcecode.c.h; path = TYVUsersModel.h; sourceTree = "<group>"; };
		5A4CC0621B6770A300A79584 /* TYVUsersModel.m */ = {isa = PBXFileReference; fileEncoding = 4; lastKnownFileType = sourcecode.c.objc; path = TYVUsersModel.m; sourceTree = "<group>"; };
		5A4CC0631B6770A300A79584 /* TYVAppDelegate.h */ = {isa = PBXFileReference; fileEncoding = 4; lastKnownFileType = sourcecode.c.h; path = TYVAppDelegate.h; sourceTree = "<group>"; };
		5A4CC0641B6770A300A79584 /* TYVAppDelegate.m */ = {isa = PBXFileReference; fileEncoding = 4; lastKnownFileType = sourcecode.c.objc; path = TYVAppDelegate.m; sourceTree = "<group>"; };
		5A4CC0661B6770A300A79584 /* TYVDispatch.h */ = {isa = PBXFileReference; fileEncoding = 4; lastKnownFileType = sourcecode.c.h; path = TYVDispatch.h; sourceTree = "<group>"; };
		5A4CC0671B6770A300A79584 /* TYVDispatch.m */ = {isa = PBXFileReference; fileEncoding = 4; lastKnownFileType = sourcecode.c.objc; path = TYVDispatch.m; sourceTree = "<group>"; };
		5A4CC0691B6770A300A79584 /* TYVProtocolObservableObject.h */ = {isa = PBXFileReference; fileEncoding = 4; lastKnownFileType = sourcecode.c.h; path = TYVProtocolObservableObject.h; sourceTree = "<group>"; };
		5A4CC06A1B6770A300A79584 /* TYVProtocolObservableObject.m */ = {isa = PBXFileReference; fileEncoding = 4; lastKnownFileType = sourcecode.c.objc; path = TYVProtocolObservableObject.m; sourceTree = "<group>"; };
		5A4CC06D1B6770A300A79584 /* TYVFBNavigationViewController.h */ = {isa = PBXFileReference; fileEncoding = 4; lastKnownFileType = sourcecode.c.h; path = TYVFBNavigationViewController.h; sourceTree = "<group>"; };
		5A4CC06E1B6770A300A79584 /* TYVFBNavigationViewController.m */ = {isa = PBXFileReference; fileEncoding = 4; lastKnownFileType = sourcecode.c.objc; path = TYVFBNavigationViewController.m; sourceTree = "<group>"; };
		5A4CC0701B6770A300A79584 /* TYVFriendDetailViewController.h */ = {isa = PBXFileReference; fileEncoding = 4; lastKnownFileType = sourcecode.c.h; path = TYVFriendDetailViewController.h; sourceTree = "<group>"; };
		5A4CC0711B6770A300A79584 /* TYVFriendDetailViewController.m */ = {isa = PBXFileReference; fileEncoding = 4; lastKnownFileType = sourcecode.c.objc; path = TYVFriendDetailViewController.m; sourceTree = "<group>"; };
		5A4CC0721B6770A300A79584 /* TYVFriendDetailViewController.xib */ = {isa = PBXFileReference; fileEncoding = 4; lastKnownFileType = file.xib; path = TYVFriendDetailViewController.xib; sourceTree = "<group>"; };
		5A4CC0741B6770A300A79584 /* TYVFriendsView.h */ = {isa = PBXFileReference; fileEncoding = 4; lastKnownFileType = sourcecode.c.h; path = TYVFriendsView.h; sourceTree = "<group>"; };
		5A4CC0751B6770A300A79584 /* TYVFriendsView.m */ = {isa = PBXFileReference; fileEncoding = 4; lastKnownFileType = sourcecode.c.objc; path = TYVFriendsView.m; sourceTree = "<group>"; };
		5A4CC0761B6770A300A79584 /* TYVFriendsViewController.h */ = {isa = PBXFileReference; fileEncoding = 4; lastKnownFileType = sourcecode.c.h; path = TYVFriendsViewController.h; sourceTree = "<group>"; };
		5A4CC0771B6770A300A79584 /* TYVFriendsViewController.m */ = {isa = PBXFileReference; fileEncoding = 4; lastKnownFileType = sourcecode.c.objc; path = TYVFriendsViewController.m; sourceTree = "<group>"; };
		5A4CC0781B6770A300A79584 /* TYVFriendsViewController.xib */ = {isa = PBXFileReference; fileEncoding = 4; lastKnownFileType = file.xib; path = TYVFriendsViewController.xib; sourceTree = "<group>"; };
		5A4CC07B1B6770A300A79584 /* TYVFriendCell.h */ = {isa = PBXFileReference; fileEncoding = 4; lastKnownFileType = sourcecode.c.h; path = TYVFriendCell.h; sourceTree = "<group>"; };
		5A4CC07C1B6770A300A79584 /* TYVFriendCell.m */ = {isa = PBXFileReference; fileEncoding = 4; lastKnownFileType = sourcecode.c.objc; path = TYVFriendCell.m; sourceTree = "<group>"; };
		5A4CC07D1B6770A300A79584 /* TYVFriendCell.xib */ = {isa = PBXFileReference; fileEncoding = 4; lastKnownFileType = file.xib; path = TYVFriendCell.xib; sourceTree = "<group>"; };
		5A4CC07F1B6770A300A79584 /* TYVLoginView.h */ = {isa = PBXFileReference; fileEncoding = 4; lastKnownFileType = sourcecode.c.h; path = TYVLoginView.h; sourceTree = "<group>"; };
		5A4CC0801B6770A300A79584 /* TYVLoginView.m */ = {isa = PBXFileReference; fileEncoding = 4; lastKnownFileType = sourcecode.c.objc; path = TYVLoginView.m; sourceTree = "<group>"; };
		5A4CC0811B6770A300A79584 /* TYVLoginViewController.h */ = {isa = PBXFileReference; fileEncoding = 4; lastKnownFileType = sourcecode.c.h; path = TYVLoginViewController.h; sourceTree = "<group>"; };
		5A4CC0821B6770A300A79584 /* TYVLoginViewController.m */ = {isa = PBXFileReference; fileEncoding = 4; lastKnownFileType = sourcecode.c.objc; path = TYVLoginViewController.m; sourceTree = "<group>"; };
		5A4CC0831B6770A300A79584 /* TYVLoginViewController.xib */ = {isa = PBXFileReference; fileEncoding = 4; lastKnownFileType = file.xib; path = TYVLoginViewController.xib; sourceTree = "<group>"; };
		5A4CC0851B6770A300A79584 /* TYVSquareView.h */ = {isa = PBXFileReference; fileEncoding = 4; lastKnownFileType = sourcecode.c.h; path = TYVSquareView.h; sourceTree = "<group>"; };
		5A4CC0861B6770A300A79584 /* TYVSquareView.m */ = {isa = PBXFileReference; fileEncoding = 4; lastKnownFileType = sourcecode.c.objc; path = TYVSquareView.m; sourceTree = "<group>"; };
		5A4CC0871B6770A300A79584 /* TYVSquareViewController.h */ = {isa = PBXFileReference; fileEncoding = 4; lastKnownFileType = sourcecode.c.h; path = TYVSquareViewController.h; sourceTree = "<group>"; };
		5A4CC0881B6770A300A79584 /* TYVSquareViewController.m */ = {isa = PBXFileReference; fileEncoding = 4; lastKnownFileType = sourcecode.c.objc; path = TYVSquareViewController.m; sourceTree = "<group>"; };
		5A4CC0891B6770A300A79584 /* TYVSquareViewController.xib */ = {isa = PBXFileReference; fileEncoding = 4; lastKnownFileType = file.xib; path = TYVSquareViewController.xib; sourceTree = "<group>"; };
		5A4CC08B1B6770A300A79584 /* TYVTableView.h */ = {isa = PBXFileReference; fileEncoding = 4; lastKnownFileType = sourcecode.c.h; path = TYVTableView.h; sourceTree = "<group>"; };
		5A4CC08C1B6770A300A79584 /* TYVTableView.m */ = {isa = PBXFileReference; fileEncoding = 4; lastKnownFileType = sourcecode.c.objc; path = TYVTableView.m; sourceTree = "<group>"; };
		5A4CC08D1B6770A300A79584 /* TYVTableViewController.h */ = {isa = PBXFileReference; fileEncoding = 4; lastKnownFileType = sourcecode.c.h; path = TYVTableViewController.h; sourceTree = "<group>"; };
		5A4CC08E1B6770A300A79584 /* TYVTableViewController.m */ = {isa = PBXFileReference; fileEncoding = 4; lastKnownFileType = sourcecode.c.objc; path = TYVTableViewController.m; sourceTree = "<group>"; };
		5A4CC08F1B6770A300A79584 /* TYVTableViewController.xib */ = {isa = PBXFileReference; fileEncoding = 4; lastKnownFileType = file.xib; path = TYVTableViewController.xib; sourceTree = "<group>"; };
		5A4CC0921B6770A300A79584 /* TYVDataCell.h */ = {isa = PBXFileReference; fileEncoding = 4; lastKnownFileType = sourcecode.c.h; path = TYVDataCell.h; sourceTree = "<group>"; };
		5A4CC0931B6770A300A79584 /* TYVDataCell.m */ = {isa = PBXFileReference; fileEncoding = 4; lastKnownFileType = sourcecode.c.objc; path = TYVDataCell.m; sourceTree = "<group>"; };
		5A4CC0941B6770A300A79584 /* TYVDataCell.xib */ = {isa = PBXFileReference; fileEncoding = 4; lastKnownFileType = file.xib; path = TYVDataCell.xib; sourceTree = "<group>"; };
		5A4CC0961B6770A300A79584 /* TYVImageView.h */ = {isa = PBXFileReference; fileEncoding = 4; lastKnownFileType = sourcecode.c.h; path = TYVImageView.h; sourceTree = "<group>"; };
		5A4CC0971B6770A300A79584 /* TYVImageView.m */ = {isa = PBXFileReference; fileEncoding = 4; lastKnownFileType = sourcecode.c.objc; path = TYVImageView.m; sourceTree = "<group>"; };
		5A4CC0981B6770A300A79584 /* TYVImageView.xib */ = {isa = PBXFileReference; fileEncoding = 4; lastKnownFileType = file.xib; path = TYVImageView.xib; sourceTree = "<group>"; };
		5A4CC09A1B6770A300A79584 /* TYVLoadingView.h */ = {isa = PBXFileReference; fileEncoding = 4; lastKnownFileType = sourcecode.c.h; path = TYVLoadingView.h; sourceTree = "<group>"; };
		5A4CC09B1B6770A300A79584 /* TYVLoadingView.m */ = {isa = PBXFileReference; fileEncoding = 4; lastKnownFileType = sourcecode.c.objc; path = TYVLoadingView.m; sourceTree = "<group>"; };
		5A4CC09C1B6770A300A79584 /* TYVLoadingView.xib */ = {isa = PBXFileReference; fileEncoding = 4; lastKnownFileType = file.xib; path = TYVLoadingView.xib; sourceTree = "<group>"; };
		5A4CC09E1B6770A300A79584 /* TYVLoadingViewHolder.h */ = {isa = PBXFileReference; fileEncoding = 4; lastKnownFileType = sourcecode.c.h; path = TYVLoadingViewHolder.h; sourceTree = "<group>"; };
		5A4CC09F1B6770A300A79584 /* TYVLoadingViewHolder.m */ = {isa = PBXFileReference; fileEncoding = 4; lastKnownFileType = sourcecode.c.objc; path = TYVLoadingViewHolder.m; sourceTree = "<group>"; };
		5A4CC0A01B6770A300A79584 /* TYVLoadingViewProtocol.h */ = {isa = PBXFileReference; fileEncoding = 4; lastKnownFileType = sourcecode.c.h; path = TYVLoadingViewProtocol.h; sourceTree = "<group>"; };
		5A4CC0DA1B6795F400A79584 /* TYVUserModelDelegate.h */ = {isa = PBXFileReference; fileEncoding = 4; lastKnownFileType = sourcecode.c.h; path = TYVUserModelDelegate.h; sourceTree = "<group>"; };
		5A4CC0DB1B679FD400A79584 /* TYVFriendDetailView.h */ = {isa = PBXFileReference; fileEncoding = 4; lastKnownFileType = sourcecode.c.h; path = TYVFriendDetailView.h; sourceTree = "<group>"; };
		5A4CC0DC1B679FD400A79584 /* TYVFriendDetailView.m */ = {isa = PBXFileReference; fileEncoding = 4; lastKnownFileType = sourcecode.c.objc; path = TYVFriendDetailView.m; sourceTree = "<group>"; };
		5A9820B31B32E9F3009B9CF3 /* image.jpeg */ = {isa = PBXFileReference; lastKnownFileType = image.jpeg; path = image.jpeg; sourceTree = "<group>"; };
		5A9820B41B32E9F3009B9CF3 /* Orion_Nebula.jpg */ = {isa = PBXFileReference; lastKnownFileType = image.jpeg; path = Orion_Nebula.jpg; sourceTree = "<group>"; };
		5FC4DCCC758417DA7DC968CF /* Pods-IDAPCourseUITests.debug.xcconfig */ = {isa = PBXFileReference; includeInIndex = 1; lastKnownFileType = text.xcconfig; name = "Pods-IDAPCourseUITests.debug.xcconfig"; path = "Pods/Target Support Files/Pods-IDAPCourseUITests/Pods-IDAPCourseUITests.debug.xcconfig"; sourceTree = "<group>"; };
		61AAF3A10BE74D86D7CEF37A /* Pods.release.xcconfig */ = {isa = PBXFileReference; includeInIndex = 1; lastKnownFileType = text.xcconfig; name = Pods.release.xcconfig; path = "Pods/Target Support Files/Pods/Pods.release.xcconfig"; sourceTree = "<group>"; };
		CDC0467829F53D11C6545E79 /* libPods.a */ = {isa = PBXFileReference; explicitFileType = archive.ar; includeInIndex = 0; path = libPods.a; sourceTree = BUILT_PRODUCTS_DIR; };
		E5BE116DB4B747A1039E3A20 /* Pods.debug.xcconfig */ = {isa = PBXFileReference; includeInIndex = 1; lastKnownFileType = text.xcconfig; name = Pods.debug.xcconfig; path = "Pods/Target Support Files/Pods/Pods.debug.xcconfig"; sourceTree = "<group>"; };
/* End PBXFileReference section */

/* Begin PBXFrameworksBuildPhase section */
		5A22FD781B2E92250005AFDC /* Frameworks */ = {
			isa = PBXFrameworksBuildPhase;
			buildActionMask = 2147483647;
			files = (
				80E9027A2ABB246E5F9AC024 /* libPods.a in Frameworks */,
			);
			runOnlyForDeploymentPostprocessing = 0;
		};
		5A22FD911B2E92250005AFDC /* Frameworks */ = {
			isa = PBXFrameworksBuildPhase;
			buildActionMask = 2147483647;
			files = (
				6331696513B748192E956D52 /* libPods-IDAPCourseUITests.a in Frameworks */,
			);
			runOnlyForDeploymentPostprocessing = 0;
		};
/* End PBXFrameworksBuildPhase section */

/* Begin PBXGroup section */
		2182433CB5DE590898437EEA /* Pods */ = {
			isa = PBXGroup;
			children = (
				E5BE116DB4B747A1039E3A20 /* Pods.debug.xcconfig */,
				61AAF3A10BE74D86D7CEF37A /* Pods.release.xcconfig */,
				5FC4DCCC758417DA7DC968CF /* Pods-IDAPCourseUITests.debug.xcconfig */,
				459BAD12DEC453190A158615 /* Pods-IDAPCourseUITests.release.xcconfig */,
			);
			name = Pods;
			sourceTree = "<group>";
		};
		5A22FD721B2E92250005AFDC = {
			isa = PBXGroup;
			children = (
				5A22FDA41B2E935B0005AFDC /* IDAPCourseUI */,
				5A22FD971B2E92250005AFDC /* IDAPCourseUITests */,
				5A22FD7C1B2E92250005AFDC /* Products */,
				2182433CB5DE590898437EEA /* Pods */,
				7D0029DA753A63C117B432FB /* Frameworks */,
			);
			sourceTree = "<group>";
		};
		5A22FD7C1B2E92250005AFDC /* Products */ = {
			isa = PBXGroup;
			children = (
				5A22FD7B1B2E92250005AFDC /* IDAPCourseUI.app */,
				5A22FD941B2E92250005AFDC /* IDAPCourseUITests.xctest */,
			);
			name = Products;
			sourceTree = "<group>";
		};
		5A22FD971B2E92250005AFDC /* IDAPCourseUITests */ = {
			isa = PBXGroup;
			children = (
				5A22FD9A1B2E92250005AFDC /* IDAPCourseUITests.m */,
				5A22FD981B2E92250005AFDC /* Supporting Files */,
			);
			path = IDAPCourseUITests;
			sourceTree = "<group>";
		};
		5A22FD981B2E92250005AFDC /* Supporting Files */ = {
			isa = PBXGroup;
			children = (
				5A22FD991B2E92250005AFDC /* Info.plist */,
			);
			name = "Supporting Files";
			sourceTree = "<group>";
		};
		5A22FDA41B2E935B0005AFDC /* IDAPCourseUI */ = {
			isa = PBXGroup;
			children = (
				5A22FDA51B2E935B0005AFDC /* Info.plist */,
				5A22FDA61B2E935B0005AFDC /* main.m */,
				5A4CC0061B6770A300A79584 /* Source */,
				5A22FDA71B2E935B0005AFDC /* Resources */,
			);
			path = IDAPCourseUI;
			sourceTree = "<group>";
		};
		5A22FDA71B2E935B0005AFDC /* Resources */ = {
			isa = PBXGroup;
			children = (
				5A9820B21B32E9F3009B9CF3 /* Images */,
				5A22FDA81B2E935B0005AFDC /* LaunchScreen.xib */,
				5A22FDAA1B2E935B0005AFDC /* Images.xcassets */,
			);
			path = Resources;
			sourceTree = "<group>";
		};
		5A4CC0061B6770A300A79584 /* Source */ = {
			isa = PBXGroup;
			children = (
				5A4CC0071B6770A300A79584 /* Contexts */,
				5A4CC0171B6770A300A79584 /* Library */,
				5A4CC0501B6770A300A79584 /* Models */,
				5A4CC0631B6770A300A79584 /* TYVAppDelegate.h */,
				5A4CC0641B6770A300A79584 /* TYVAppDelegate.m */,
				5A4CC0651B6770A300A79584 /* TYVDispatch */,
				5A4CC0681B6770A300A79584 /* TYVProtocolObservableObject */,
				5A4CC06B1B6770A300A79584 /* UI */,
			);
			path = Source;
			sourceTree = "<group>";
		};
		5A4CC0071B6770A300A79584 /* Contexts */ = {
			isa = PBXGroup;
			children = (
				5A4CC0081B6770A300A79584 /* TYVContext */,
				5A4CC00E1B6770A300A79584 /* TYVLoginContext */,
				5A4CC0111B6770A300A79584 /* TYVUserContext */,
				5A4CC0141B6770A300A79584 /* TYVUsersContext */,
			);
			path = Contexts;
			sourceTree = "<group>";
		};
		5A4CC0081B6770A300A79584 /* TYVContext */ = {
			isa = PBXGroup;
			children = (
				5A4CC0091B6770A300A79584 /* TYVContext.h */,
				5A4CC00A1B6770A300A79584 /* TYVContext.m */,
			);
			path = TYVContext;
			sourceTree = "<group>";
		};
		5A4CC00E1B6770A300A79584 /* TYVLoginContext */ = {
			isa = PBXGroup;
			children = (
				5A4CC00F1B6770A300A79584 /* TYVLoginContext.h */,
				5A4CC0101B6770A300A79584 /* TYVLoginContext.m */,
			);
			path = TYVLoginContext;
			sourceTree = "<group>";
		};
		5A4CC0111B6770A300A79584 /* TYVUserContext */ = {
			isa = PBXGroup;
			children = (
				5A4CC0121B6770A300A79584 /* TYVUserContext.h */,
				5A4CC0131B6770A300A79584 /* TYVUserContext.m */,
			);
			path = TYVUserContext;
			sourceTree = "<group>";
		};
		5A4CC0141B6770A300A79584 /* TYVUsersContext */ = {
			isa = PBXGroup;
			children = (
				5A4CC0151B6770A300A79584 /* TYVUsersContext.h */,
				5A4CC0161B6770A300A79584 /* TYVUsersContext.m */,
			);
			path = TYVUsersContext;
			sourceTree = "<group>";
		};
		5A4CC0171B6770A300A79584 /* Library */ = {
			isa = PBXGroup;
			children = (
				5A4CC0181B6770A300A79584 /* Categories */,
				5A4CC0341B6770A300A79584 /* Classes */,
				5A4CC04E1B6770A300A79584 /* TYVMacro.h */,
				5A4CC04F1B6770A300A79584 /* TYVMacro.m */,
			);
			path = Library;
			sourceTree = "<group>";
		};
		5A4CC0181B6770A300A79584 /* Categories */ = {
			isa = PBXGroup;
			children = (
				5A4CC0191B6770A300A79584 /* NSArray+TYVExtentions */,
				5A4CC01C1B6770A300A79584 /* NSBundle+TYVExtensions */,
				5A4CC01F1B6770A300A79584 /* NSFileManager+TYVExtensions */,
				5A4CC0221B6770A300A79584 /* NSIndexPath+TYVExtensions */,
				5A4CC0251B6770A300A79584 /* NSMutableArray+TYVExtensions */,
				5A4CC0281B6770A300A79584 /* NSString+TYVExtensions */,
				5A4CC02B1B6770A300A79584 /* UINib+TYVExtentions */,
				5A4CC02E1B6770A300A79584 /* UITableView+TYVExtentions */,
				5A4CC0311B6770A300A79584 /* UIWindow+TYVExtentions */,
			);
			path = Categories;
			sourceTree = "<group>";
		};
		5A4CC0191B6770A300A79584 /* NSArray+TYVExtentions */ = {
			isa = PBXGroup;
			children = (
				5A4CC01A1B6770A300A79584 /* NSArray+TYVExtentions.h */,
				5A4CC01B1B6770A300A79584 /* NSArray+TYVExtentions.m */,
			);
			path = "NSArray+TYVExtentions";
			sourceTree = "<group>";
		};
		5A4CC01C1B6770A300A79584 /* NSBundle+TYVExtensions */ = {
			isa = PBXGroup;
			children = (
				5A4CC01D1B6770A300A79584 /* NSBundle+TYVExtensions.h */,
				5A4CC01E1B6770A300A79584 /* NSBundle+TYVExtensions.m */,
			);
			path = "NSBundle+TYVExtensions";
			sourceTree = "<group>";
		};
		5A4CC01F1B6770A300A79584 /* NSFileManager+TYVExtensions */ = {
			isa = PBXGroup;
			children = (
				5A4CC0201B6770A300A79584 /* NSFileManager+TYVExtensions.h */,
				5A4CC0211B6770A300A79584 /* NSFileManager+TYVExtensions.m */,
			);
			path = "NSFileManager+TYVExtensions";
			sourceTree = "<group>";
		};
		5A4CC0221B6770A300A79584 /* NSIndexPath+TYVExtensions */ = {
			isa = PBXGroup;
			children = (
				5A4CC0231B6770A300A79584 /* NSIndexPath+TYVExtensions.h */,
				5A4CC0241B6770A300A79584 /* NSIndexPath+TYVExtensions.m */,
			);
			path = "NSIndexPath+TYVExtensions";
			sourceTree = "<group>";
		};
		5A4CC0251B6770A300A79584 /* NSMutableArray+TYVExtensions */ = {
			isa = PBXGroup;
			children = (
				5A4CC0261B6770A300A79584 /* NSMutableArray+TYVExtensions.h */,
				5A4CC0271B6770A300A79584 /* NSMutableArray+TYVExtensions.m */,
			);
			path = "NSMutableArray+TYVExtensions";
			sourceTree = "<group>";
		};
		5A4CC0281B6770A300A79584 /* NSString+TYVExtensions */ = {
			isa = PBXGroup;
			children = (
				5A4CC0291B6770A300A79584 /* NSString+TYVExtensions.h */,
				5A4CC02A1B6770A300A79584 /* NSString+TYVExtensions.m */,
			);
			path = "NSString+TYVExtensions";
			sourceTree = "<group>";
		};
		5A4CC02B1B6770A300A79584 /* UINib+TYVExtentions */ = {
			isa = PBXGroup;
			children = (
				5A4CC02C1B6770A300A79584 /* UINib+TYVExtentions.h */,
				5A4CC02D1B6770A300A79584 /* UINib+TYVExtentions.m */,
			);
			path = "UINib+TYVExtentions";
			sourceTree = "<group>";
		};
		5A4CC02E1B6770A300A79584 /* UITableView+TYVExtentions */ = {
			isa = PBXGroup;
			children = (
				5A4CC02F1B6770A300A79584 /* UITableView+TYVExtentions.h */,
				5A4CC0301B6770A300A79584 /* UITableView+TYVExtentions.m */,
			);
			path = "UITableView+TYVExtentions";
			sourceTree = "<group>";
		};
		5A4CC0311B6770A300A79584 /* UIWindow+TYVExtentions */ = {
			isa = PBXGroup;
			children = (
				5A4CC0321B6770A300A79584 /* UIWindow+TYVExtentions.h */,
				5A4CC0331B6770A300A79584 /* UIWindow+TYVExtentions.m */,
			);
			path = "UIWindow+TYVExtentions";
			sourceTree = "<group>";
		};
		5A4CC0341B6770A300A79584 /* Classes */ = {
			isa = PBXGroup;
			children = (
				5A4CC0351B6770A300A79584 /* TYVAbstractDataModel */,
				5A4CC0391B6770A300A79584 /* TYVAbstractNavigationViewController */,
				5A4CC03C1B6770A300A79584 /* TYVAbstractViewController */,
				5A4CC03F1B6770A300A79584 /* TYVDataArrayModelInfo */,
				5A4CC0421B6770A300A79584 /* TYVImageCache */,
				5A4CC0451B6770A300A79584 /* TYVModelArray */,
				5A4CC0481B6770A300A79584 /* TYVModelMovingPosition */,
				5A4CC04B1B6770A300A79584 /* TYVTableViewCell */,
			);
			path = Classes;
			sourceTree = "<group>";
		};
		5A4CC0351B6770A300A79584 /* TYVAbstractDataModel */ = {
			isa = PBXGroup;
			children = (
				5A4CC0361B6770A300A79584 /* TYVAbstractDataModel.h */,
				5A4CC0371B6770A300A79584 /* TYVAbstractDataModel.m */,
				5A4CC0381B6770A300A79584 /* TYVAbstractDataModelProtocol.h */,
			);
			path = TYVAbstractDataModel;
			sourceTree = "<group>";
		};
		5A4CC0391B6770A300A79584 /* TYVAbstractNavigationViewController */ = {
			isa = PBXGroup;
			children = (
				5A4CC03A1B6770A300A79584 /* TYVAbstractNavigationViewController.h */,
				5A4CC03B1B6770A300A79584 /* TYVAbstractNavigationViewController.m */,
			);
			path = TYVAbstractNavigationViewController;
			sourceTree = "<group>";
		};
		5A4CC03C1B6770A300A79584 /* TYVAbstractViewController */ = {
			isa = PBXGroup;
			children = (
				5A4CC03D1B6770A300A79584 /* TYVAbstractViewController.h */,
				5A4CC03E1B6770A300A79584 /* TYVAbstractViewController.m */,
			);
			path = TYVAbstractViewController;
			sourceTree = "<group>";
		};
		5A4CC03F1B6770A300A79584 /* TYVDataArrayModelInfo */ = {
			isa = PBXGroup;
			children = (
				5A4CC0401B6770A300A79584 /* TYVDataArrayModelInfo.h */,
				5A4CC0411B6770A300A79584 /* TYVDataArrayModelInfo.m */,
			);
			path = TYVDataArrayModelInfo;
			sourceTree = "<group>";
		};
		5A4CC0421B6770A300A79584 /* TYVImageCache */ = {
			isa = PBXGroup;
			children = (
				5A4CC0431B6770A300A79584 /* TYVImageCache.h */,
				5A4CC0441B6770A300A79584 /* TYVImageCache.m */,
			);
			path = TYVImageCache;
			sourceTree = "<group>";
		};
		5A4CC0451B6770A300A79584 /* TYVModelArray */ = {
			isa = PBXGroup;
			children = (
				5A4CC0461B6770A300A79584 /* TYVModelArray.h */,
				5A4CC0471B6770A300A79584 /* TYVModelArray.m */,
			);
			path = TYVModelArray;
			sourceTree = "<group>";
		};
		5A4CC0481B6770A300A79584 /* TYVModelMovingPosition */ = {
			isa = PBXGroup;
			children = (
				5A4CC0491B6770A300A79584 /* TYVModelMovingPosition.h */,
				5A4CC04A1B6770A300A79584 /* TYVModelMovingPosition.m */,
			);
			path = TYVModelMovingPosition;
			sourceTree = "<group>";
		};
		5A4CC04B1B6770A300A79584 /* TYVTableViewCell */ = {
			isa = PBXGroup;
			children = (
				5A4CC04C1B6770A300A79584 /* TYVTableViewCell.h */,
				5A4CC04D1B6770A300A79584 /* TYVTableViewCell.m */,
			);
			path = TYVTableViewCell;
			sourceTree = "<group>";
		};
		5A4CC0501B6770A300A79584 /* Models */ = {
			isa = PBXGroup;
			children = (
				5A4CC0511B6770A300A79584 /* TYVDataArrayModel */,
				5A4CC0541B6770A300A79584 /* TYVDataModel */,
				5A4CC0571B6770A300A79584 /* TYVImageModel */,
				5A4CC05A1B6770A300A79584 /* TYVSquare */,
				5A4CC05D1B6770A300A79584 /* TYVUserModel */,
				5A4CC0601B6770A300A79584 /* TYVUsersModel */,
			);
			path = Models;
			sourceTree = "<group>";
		};
		5A4CC0511B6770A300A79584 /* TYVDataArrayModel */ = {
			isa = PBXGroup;
			children = (
				5A4CC0521B6770A300A79584 /* TYVDataArrayModel.h */,
				5A4CC0531B6770A300A79584 /* TYVDataArrayModel.m */,
			);
			path = TYVDataArrayModel;
			sourceTree = "<group>";
		};
		5A4CC0541B6770A300A79584 /* TYVDataModel */ = {
			isa = PBXGroup;
			children = (
				5A4CC0551B6770A300A79584 /* TYVDataModel.h */,
				5A4CC0561B6770A300A79584 /* TYVDataModel.m */,
			);
			path = TYVDataModel;
			sourceTree = "<group>";
		};
		5A4CC0571B6770A300A79584 /* TYVImageModel */ = {
			isa = PBXGroup;
			children = (
				5A4CC0581B6770A300A79584 /* TYVImageModel.h */,
				5A4CC0591B6770A300A79584 /* TYVImageModel.m */,
			);
			path = TYVImageModel;
			sourceTree = "<group>";
		};
		5A4CC05A1B6770A300A79584 /* TYVSquare */ = {
			isa = PBXGroup;
			children = (
				5A4CC05B1B6770A300A79584 /* TYVSquare.h */,
				5A4CC05C1B6770A300A79584 /* TYVSquare.m */,
			);
			path = TYVSquare;
			sourceTree = "<group>";
		};
		5A4CC05D1B6770A300A79584 /* TYVUserModel */ = {
			isa = PBXGroup;
			children = (
				5A4CC05E1B6770A300A79584 /* TYVUserModel.h */,
				5A4CC0DA1B6795F400A79584 /* TYVUserModelDelegate.h */,
				5A4CC05F1B6770A300A79584 /* TYVUserModel.m */,
			);
			path = TYVUserModel;
			sourceTree = "<group>";
		};
		5A4CC0601B6770A300A79584 /* TYVUsersModel */ = {
			isa = PBXGroup;
			children = (
				5A4CC0611B6770A300A79584 /* TYVUsersModel.h */,
				5A4CC0621B6770A300A79584 /* TYVUsersModel.m */,
			);
			path = TYVUsersModel;
			sourceTree = "<group>";
		};
		5A4CC0651B6770A300A79584 /* TYVDispatch */ = {
			isa = PBXGroup;
			children = (
				5A4CC0661B6770A300A79584 /* TYVDispatch.h */,
				5A4CC0671B6770A300A79584 /* TYVDispatch.m */,
			);
			path = TYVDispatch;
			sourceTree = "<group>";
		};
		5A4CC0681B6770A300A79584 /* TYVProtocolObservableObject */ = {
			isa = PBXGroup;
			children = (
				5A4CC0691B6770A300A79584 /* TYVProtocolObservableObject.h */,
				5A4CC06A1B6770A300A79584 /* TYVProtocolObservableObject.m */,
			);
			path = TYVProtocolObservableObject;
			sourceTree = "<group>";
		};
		5A4CC06B1B6770A300A79584 /* UI */ = {
			isa = PBXGroup;
			children = (
				5A4CC06C1B6770A300A79584 /* TYVFBNavigationViewController */,
				5A4CC06F1B6770A300A79584 /* TYVFriendDetailViewController */,
				5A4CC0731B6770A300A79584 /* TYVFriendsViewController */,
				5A4CC07E1B6770A300A79584 /* TYVLoginViewController */,
				5A4CC0841B6770A300A79584 /* TYVSquareViewController */,
				5A4CC08A1B6770A300A79584 /* TYVTableViewController */,
			);
			path = UI;
			sourceTree = "<group>";
		};
		5A4CC06C1B6770A300A79584 /* TYVFBNavigationViewController */ = {
			isa = PBXGroup;
			children = (
				5A4CC06D1B6770A300A79584 /* TYVFBNavigationViewController.h */,
				5A4CC06E1B6770A300A79584 /* TYVFBNavigationViewController.m */,
			);
			path = TYVFBNavigationViewController;
			sourceTree = "<group>";
		};
		5A4CC06F1B6770A300A79584 /* TYVFriendDetailViewController */ = {
			isa = PBXGroup;
			children = (
				5A4CC0701B6770A300A79584 /* TYVFriendDetailViewController.h */,
				5A4CC0711B6770A300A79584 /* TYVFriendDetailViewController.m */,
				5A4CC0721B6770A300A79584 /* TYVFriendDetailViewController.xib */,
				5A4CC0DB1B679FD400A79584 /* TYVFriendDetailView.h */,
				5A4CC0DC1B679FD400A79584 /* TYVFriendDetailView.m */,
			);
			path = TYVFriendDetailViewController;
			sourceTree = "<group>";
		};
		5A4CC0731B6770A300A79584 /* TYVFriendsViewController */ = {
			isa = PBXGroup;
			children = (
				5A4CC0741B6770A300A79584 /* TYVFriendsView.h */,
				5A4CC0751B6770A300A79584 /* TYVFriendsView.m */,
				5A4CC0761B6770A300A79584 /* TYVFriendsViewController.h */,
				5A4CC0771B6770A300A79584 /* TYVFriendsViewController.m */,
				5A4CC0781B6770A300A79584 /* TYVFriendsViewController.xib */,
				5A4CC0791B6770A300A79584 /* Views */,
			);
			path = TYVFriendsViewController;
			sourceTree = "<group>";
		};
		5A4CC0791B6770A300A79584 /* Views */ = {
			isa = PBXGroup;
			children = (
				5A4CC07A1B6770A300A79584 /* TYVFriendCell */,
			);
			path = Views;
			sourceTree = "<group>";
		};
		5A4CC07A1B6770A300A79584 /* TYVFriendCell */ = {
			isa = PBXGroup;
			children = (
				5A4CC07B1B6770A300A79584 /* TYVFriendCell.h */,
				5A4CC07C1B6770A300A79584 /* TYVFriendCell.m */,
				5A4CC07D1B6770A300A79584 /* TYVFriendCell.xib */,
			);
			path = TYVFriendCell;
			sourceTree = "<group>";
		};
		5A4CC07E1B6770A300A79584 /* TYVLoginViewController */ = {
			isa = PBXGroup;
			children = (
				5A4CC07F1B6770A300A79584 /* TYVLoginView.h */,
				5A4CC0801B6770A300A79584 /* TYVLoginView.m */,
				5A4CC0811B6770A300A79584 /* TYVLoginViewController.h */,
				5A4CC0821B6770A300A79584 /* TYVLoginViewController.m */,
				5A4CC0831B6770A300A79584 /* TYVLoginViewController.xib */,
			);
			path = TYVLoginViewController;
			sourceTree = "<group>";
		};
		5A4CC0841B6770A300A79584 /* TYVSquareViewController */ = {
			isa = PBXGroup;
			children = (
				5A4CC0851B6770A300A79584 /* TYVSquareView.h */,
				5A4CC0861B6770A300A79584 /* TYVSquareView.m */,
				5A4CC0871B6770A300A79584 /* TYVSquareViewController.h */,
				5A4CC0881B6770A300A79584 /* TYVSquareViewController.m */,
				5A4CC0891B6770A300A79584 /* TYVSquareViewController.xib */,
			);
			path = TYVSquareViewController;
			sourceTree = "<group>";
		};
		5A4CC08A1B6770A300A79584 /* TYVTableViewController */ = {
			isa = PBXGroup;
			children = (
				5A4CC08B1B6770A300A79584 /* TYVTableView.h */,
				5A4CC08C1B6770A300A79584 /* TYVTableView.m */,
				5A4CC08D1B6770A300A79584 /* TYVTableViewController.h */,
				5A4CC08E1B6770A300A79584 /* TYVTableViewController.m */,
				5A4CC08F1B6770A300A79584 /* TYVTableViewController.xib */,
				5A4CC0901B6770A300A79584 /* Views */,
			);
			path = TYVTableViewController;
			sourceTree = "<group>";
		};
		5A4CC0901B6770A300A79584 /* Views */ = {
			isa = PBXGroup;
			children = (
				5A4CC0911B6770A300A79584 /* TYVDataCell */,
				5A4CC0951B6770A300A79584 /* TYVImageView */,
				5A4CC0981B6770A300A79584 /* TYVImageView.xib */,
				5A4CC0991B6770A300A79584 /* TYVLoadingView */,
				5A4CC09D1B6770A300A79584 /* TYVLoadingViewHolder */,
			);
			path = Views;
			sourceTree = "<group>";
		};
		5A4CC0911B6770A300A79584 /* TYVDataCell */ = {
			isa = PBXGroup;
			children = (
				5A4CC0921B6770A300A79584 /* TYVDataCell.h */,
				5A4CC0931B6770A300A79584 /* TYVDataCell.m */,
				5A4CC0941B6770A300A79584 /* TYVDataCell.xib */,
			);
			path = TYVDataCell;
			sourceTree = "<group>";
		};
		5A4CC0951B6770A300A79584 /* TYVImageView */ = {
			isa = PBXGroup;
			children = (
				5A4CC0961B6770A300A79584 /* TYVImageView.h */,
				5A4CC0971B6770A300A79584 /* TYVImageView.m */,
			);
			path = TYVImageView;
			sourceTree = "<group>";
		};
		5A4CC0991B6770A300A79584 /* TYVLoadingView */ = {
			isa = PBXGroup;
			children = (
				5A4CC09A1B6770A300A79584 /* TYVLoadingView.h */,
				5A4CC09B1B6770A300A79584 /* TYVLoadingView.m */,
				5A4CC09C1B6770A300A79584 /* TYVLoadingView.xib */,
			);
			path = TYVLoadingView;
			sourceTree = "<group>";
		};
		5A4CC09D1B6770A300A79584 /* TYVLoadingViewHolder */ = {
			isa = PBXGroup;
			children = (
				5A4CC09E1B6770A300A79584 /* TYVLoadingViewHolder.h */,
				5A4CC09F1B6770A300A79584 /* TYVLoadingViewHolder.m */,
				5A4CC0A01B6770A300A79584 /* TYVLoadingViewProtocol.h */,
			);
			path = TYVLoadingViewHolder;
			sourceTree = "<group>";
		};
		5A9820B21B32E9F3009B9CF3 /* Images */ = {
			isa = PBXGroup;
			children = (
				5A9820B31B32E9F3009B9CF3 /* image.jpeg */,
				5A9820B41B32E9F3009B9CF3 /* Orion_Nebula.jpg */,
			);
			path = Images;
			sourceTree = "<group>";
		};
		7D0029DA753A63C117B432FB /* Frameworks */ = {
			isa = PBXGroup;
			children = (
				CDC0467829F53D11C6545E79 /* libPods.a */,
				03B92650CB89E7C229EF2529 /* libPods-IDAPCourseUITests.a */,
			);
			name = Frameworks;
			sourceTree = "<group>";
		};
/* End PBXGroup section */

/* Begin PBXNativeTarget section */
		5A22FD7A1B2E92250005AFDC /* IDAPCourseUI */ = {
			isa = PBXNativeTarget;
			buildConfigurationList = 5A22FD9E1B2E92250005AFDC /* Build configuration list for PBXNativeTarget "IDAPCourseUI" */;
			buildPhases = (
				6617032A228A38CDBB7E73AE /* Check Pods Manifest.lock */,
				5A22FD771B2E92250005AFDC /* Sources */,
				5A22FD781B2E92250005AFDC /* Frameworks */,
				5A22FD791B2E92250005AFDC /* Resources */,
				4EE046FE876BCECB36E95B7C /* Copy Pods Resources */,
			);
			buildRules = (
			);
			dependencies = (
			);
			name = IDAPCourseUI;
			productName = IDAPCourseUI;
			productReference = 5A22FD7B1B2E92250005AFDC /* IDAPCourseUI.app */;
			productType = "com.apple.product-type.application";
		};
		5A22FD931B2E92250005AFDC /* IDAPCourseUITests */ = {
			isa = PBXNativeTarget;
			buildConfigurationList = 5A22FDA11B2E92250005AFDC /* Build configuration list for PBXNativeTarget "IDAPCourseUITests" */;
			buildPhases = (
				960BA56CAC111329A4C8E3C9 /* Check Pods Manifest.lock */,
				5A22FD901B2E92250005AFDC /* Sources */,
				5A22FD911B2E92250005AFDC /* Frameworks */,
				5A22FD921B2E92250005AFDC /* Resources */,
				BF3608F56905E9BE535CDEE5 /* Copy Pods Resources */,
			);
			buildRules = (
			);
			dependencies = (
				5A22FD961B2E92250005AFDC /* PBXTargetDependency */,
			);
			name = IDAPCourseUITests;
			productName = IDAPCourseUITests;
			productReference = 5A22FD941B2E92250005AFDC /* IDAPCourseUITests.xctest */;
			productType = "com.apple.product-type.bundle.unit-test";
		};
/* End PBXNativeTarget section */

/* Begin PBXProject section */
		5A22FD731B2E92250005AFDC /* Project object */ = {
			isa = PBXProject;
			attributes = {
				CLASSPREFIX = TYV;
				LastUpgradeCheck = 0620;
				ORGANIZATIONNAME = YURII;
				TargetAttributes = {
					5A22FD7A1B2E92250005AFDC = {
						CreatedOnToolsVersion = 6.2;
					};
					5A22FD931B2E92250005AFDC = {
						CreatedOnToolsVersion = 6.2;
						TestTargetID = 5A22FD7A1B2E92250005AFDC;
					};
				};
			};
			buildConfigurationList = 5A22FD761B2E92250005AFDC /* Build configuration list for PBXProject "IDAPCourseUI" */;
			compatibilityVersion = "Xcode 3.2";
			developmentRegion = English;
			hasScannedForEncodings = 0;
			knownRegions = (
				en,
				Base,
			);
			mainGroup = 5A22FD721B2E92250005AFDC;
			productRefGroup = 5A22FD7C1B2E92250005AFDC /* Products */;
			projectDirPath = "";
			projectRoot = "";
			targets = (
				5A22FD7A1B2E92250005AFDC /* IDAPCourseUI */,
				5A22FD931B2E92250005AFDC /* IDAPCourseUITests */,
			);
		};
/* End PBXProject section */

/* Begin PBXResourcesBuildPhase section */
		5A22FD791B2E92250005AFDC /* Resources */ = {
			isa = PBXResourcesBuildPhase;
			buildActionMask = 2147483647;
			files = (
				5A22FDB31B2E935B0005AFDC /* Images.xcassets in Resources */,
				5A4CC0D31B6770A300A79584 /* TYVDataCell.xib in Resources */,
				5A4CC0C31B6770A300A79584 /* TYVFriendDetailViewController.xib in Resources */,
				5A22FDB21B2E935B0005AFDC /* LaunchScreen.xib in Resources */,
				5A9820B51B32E9F3009B9CF3 /* image.jpeg in Resources */,
				5A4CC0D71B6770A300A79584 /* TYVLoadingView.xib in Resources */,
				5A9820B61B32E9F3009B9CF3 /* Orion_Nebula.jpg in Resources */,
				5A4CC0D11B6770A300A79584 /* TYVTableViewController.xib in Resources */,
				5A4CC0D51B6770A300A79584 /* TYVImageView.xib in Resources */,
				5A4CC0C81B6770A300A79584 /* TYVFriendCell.xib in Resources */,
				5A4CC0CB1B6770A300A79584 /* TYVLoginViewController.xib in Resources */,
				5A22FDB01B2E935B0005AFDC /* Info.plist in Resources */,
				5A4CC0C61B6770A300A79584 /* TYVFriendsViewController.xib in Resources */,
				5A4CC0CE1B6770A300A79584 /* TYVSquareViewController.xib in Resources */,
			);
			runOnlyForDeploymentPostprocessing = 0;
		};
		5A22FD921B2E92250005AFDC /* Resources */ = {
			isa = PBXResourcesBuildPhase;
			buildActionMask = 2147483647;
			files = (
			);
			runOnlyForDeploymentPostprocessing = 0;
		};
/* End PBXResourcesBuildPhase section */

/* Begin PBXShellScriptBuildPhase section */
		4EE046FE876BCECB36E95B7C /* Copy Pods Resources */ = {
			isa = PBXShellScriptBuildPhase;
			buildActionMask = 2147483647;
			files = (
			);
			inputPaths = (
			);
			name = "Copy Pods Resources";
			outputPaths = (
			);
			runOnlyForDeploymentPostprocessing = 0;
			shellPath = /bin/sh;
			shellScript = "\"${SRCROOT}/Pods/Target Support Files/Pods/Pods-resources.sh\"\n";
			showEnvVarsInLog = 0;
		};
		6617032A228A38CDBB7E73AE /* Check Pods Manifest.lock */ = {
			isa = PBXShellScriptBuildPhase;
			buildActionMask = 2147483647;
			files = (
			);
			inputPaths = (
			);
			name = "Check Pods Manifest.lock";
			outputPaths = (
			);
			runOnlyForDeploymentPostprocessing = 0;
			shellPath = /bin/sh;
			shellScript = "diff \"${PODS_ROOT}/../Podfile.lock\" \"${PODS_ROOT}/Manifest.lock\" > /dev/null\nif [[ $? != 0 ]] ; then\n    cat << EOM\nerror: The sandbox is not in sync with the Podfile.lock. Run 'pod install' or update your CocoaPods installation.\nEOM\n    exit 1\nfi\n";
			showEnvVarsInLog = 0;
		};
		960BA56CAC111329A4C8E3C9 /* Check Pods Manifest.lock */ = {
			isa = PBXShellScriptBuildPhase;
			buildActionMask = 2147483647;
			files = (
			);
			inputPaths = (
			);
			name = "Check Pods Manifest.lock";
			outputPaths = (
			);
			runOnlyForDeploymentPostprocessing = 0;
			shellPath = /bin/sh;
			shellScript = "diff \"${PODS_ROOT}/../Podfile.lock\" \"${PODS_ROOT}/Manifest.lock\" > /dev/null\nif [[ $? != 0 ]] ; then\n    cat << EOM\nerror: The sandbox is not in sync with the Podfile.lock. Run 'pod install' or update your CocoaPods installation.\nEOM\n    exit 1\nfi\n";
			showEnvVarsInLog = 0;
		};
		BF3608F56905E9BE535CDEE5 /* Copy Pods Resources */ = {
			isa = PBXShellScriptBuildPhase;
			buildActionMask = 2147483647;
			files = (
			);
			inputPaths = (
			);
			name = "Copy Pods Resources";
			outputPaths = (
			);
			runOnlyForDeploymentPostprocessing = 0;
			shellPath = /bin/sh;
			shellScript = "\"${SRCROOT}/Pods/Target Support Files/Pods-IDAPCourseUITests/Pods-IDAPCourseUITests-resources.sh\"\n";
			showEnvVarsInLog = 0;
		};
/* End PBXShellScriptBuildPhase section */

/* Begin PBXSourcesBuildPhase section */
		5A22FD771B2E92250005AFDC /* Sources */ = {
			isa = PBXSourcesBuildPhase;
			buildActionMask = 2147483647;
			files = (
				5A4CC0A61B6770A300A79584 /* NSArray+TYVExtentions.m in Sources */,
				5A4CC0C21B6770A300A79584 /* TYVFriendDetailViewController.m in Sources */,
				5A4CC0C91B6770A300A79584 /* TYVLoginView.m in Sources */,
				5A4CC0C11B6770A300A79584 /* TYVFBNavigationViewController.m in Sources */,
				5A4CC0C01B6770A300A79584 /* TYVProtocolObservableObject.m in Sources */,
				5A4CC0D41B6770A300A79584 /* TYVImageView.m in Sources */,
				5A4CC0CA1B6770A300A79584 /* TYVLoginViewController.m in Sources */,
				5A4CC0C71B6770A300A79584 /* TYVFriendCell.m in Sources */,
				5A4CC0A41B6770A300A79584 /* TYVUserContext.m in Sources */,
				5A4CC0B01B6770A300A79584 /* TYVAbstractNavigationViewController.m in Sources */,
				5A4CC0D81B6770A300A79584 /* TYVLoadingViewHolder.m in Sources */,
				5A4CC0BE1B6770A300A79584 /* TYVAppDelegate.m in Sources */,
				5A4CC0BD1B6770A300A79584 /* TYVUsersModel.m in Sources */,
				5A4CC0AF1B6770A300A79584 /* TYVAbstractDataModel.m in Sources */,
				5A4CC0A81B6770A300A79584 /* NSFileManager+TYVExtensions.m in Sources */,
				5A4CC0B11B6770A300A79584 /* TYVAbstractViewController.m in Sources */,
				5A4CC0A91B6770A300A79584 /* NSIndexPath+TYVExtensions.m in Sources */,
				5A4CC0AC1B6770A300A79584 /* UINib+TYVExtentions.m in Sources */,
				5A4CC0D01B6770A300A79584 /* TYVTableViewController.m in Sources */,
				5A4CC0D21B6770A300A79584 /* TYVDataCell.m in Sources */,
				5A4CC0CC1B6770A300A79584 /* TYVSquareView.m in Sources */,
				5A4CC0B21B6770A300A79584 /* TYVDataArrayModelInfo.m in Sources */,
				5A4CC0B41B6770A300A79584 /* TYVModelArray.m in Sources */,
				5A4CC0AD1B6770A300A79584 /* UITableView+TYVExtentions.m in Sources */,
				5A4CC0CD1B6770A300A79584 /* TYVSquareViewController.m in Sources */,
				5A4CC0DD1B679FD400A79584 /* TYVFriendDetailView.m in Sources */,
				5A4CC0A31B6770A300A79584 /* TYVLoginContext.m in Sources */,
				5A4CC0D61B6770A300A79584 /* TYVLoadingView.m in Sources */,
				5A4CC0AE1B6770A300A79584 /* UIWindow+TYVExtentions.m in Sources */,
				5A4CC0CF1B6770A300A79584 /* TYVTableView.m in Sources */,
				5A4CC0B81B6770A300A79584 /* TYVDataArrayModel.m in Sources */,
				5A4CC0B51B6770A300A79584 /* TYVModelMovingPosition.m in Sources */,
				5A4CC0A71B6770A300A79584 /* NSBundle+TYVExtensions.m in Sources */,
				5A4CC0B91B6770A300A79584 /* TYVDataModel.m in Sources */,
				5A4CC0BB1B6770A300A79584 /* TYVSquare.m in Sources */,
				5A22FDB11B2E935B0005AFDC /* main.m in Sources */,
				5A4CC0A51B6770A300A79584 /* TYVUsersContext.m in Sources */,
				5A4CC0B71B6770A300A79584 /* TYVMacro.m in Sources */,
				5A4CC0B31B6770A300A79584 /* TYVImageCache.m in Sources */,
				5A4CC0C41B6770A300A79584 /* TYVFriendsView.m in Sources */,
				5A4CC0B61B6770A300A79584 /* TYVTableViewCell.m in Sources */,
				5A4CC0BC1B6770A300A79584 /* TYVUserModel.m in Sources */,
				5A4CC0BF1B6770A300A79584 /* TYVDispatch.m in Sources */,
				5A4CC0BA1B6770A300A79584 /* TYVImageModel.m in Sources */,
				5A4CC0C51B6770A300A79584 /* TYVFriendsViewController.m in Sources */,
				5A4CC0AB1B6770A300A79584 /* NSString+TYVExtensions.m in Sources */,
				5A4CC0AA1B6770A300A79584 /* NSMutableArray+TYVExtensions.m in Sources */,
				5A4CC0A11B6770A300A79584 /* TYVContext.m in Sources */,
			);
			runOnlyForDeploymentPostprocessing = 0;
		};
		5A22FD901B2E92250005AFDC /* Sources */ = {
			isa = PBXSourcesBuildPhase;
			buildActionMask = 2147483647;
			files = (
				5A22FD9B1B2E92250005AFDC /* IDAPCourseUITests.m in Sources */,
			);
			runOnlyForDeploymentPostprocessing = 0;
		};
/* End PBXSourcesBuildPhase section */

/* Begin PBXTargetDependency section */
		5A22FD961B2E92250005AFDC /* PBXTargetDependency */ = {
			isa = PBXTargetDependency;
			target = 5A22FD7A1B2E92250005AFDC /* IDAPCourseUI */;
			targetProxy = 5A22FD951B2E92250005AFDC /* PBXContainerItemProxy */;
		};
/* End PBXTargetDependency section */

/* Begin PBXVariantGroup section */
		5A22FDA81B2E935B0005AFDC /* LaunchScreen.xib */ = {
			isa = PBXVariantGroup;
			children = (
				5A22FDA91B2E935B0005AFDC /* Base */,
			);
			name = LaunchScreen.xib;
			sourceTree = "<group>";
		};
/* End PBXVariantGroup section */

/* Begin XCBuildConfiguration section */
		5A22FD9C1B2E92250005AFDC /* Debug */ = {
			isa = XCBuildConfiguration;
			buildSettings = {
				ALWAYS_SEARCH_USER_PATHS = NO;
				CLANG_CXX_LANGUAGE_STANDARD = "gnu++0x";
				CLANG_CXX_LIBRARY = "libc++";
				CLANG_ENABLE_MODULES = YES;
				CLANG_ENABLE_OBJC_ARC = YES;
				CLANG_WARN_BOOL_CONVERSION = YES;
				CLANG_WARN_CONSTANT_CONVERSION = YES;
				CLANG_WARN_DIRECT_OBJC_ISA_USAGE = YES_ERROR;
				CLANG_WARN_EMPTY_BODY = YES;
				CLANG_WARN_ENUM_CONVERSION = YES;
				CLANG_WARN_INT_CONVERSION = YES;
				CLANG_WARN_OBJC_ROOT_CLASS = YES_ERROR;
				CLANG_WARN_UNREACHABLE_CODE = YES;
				CLANG_WARN__DUPLICATE_METHOD_MATCH = YES;
				"CODE_SIGN_IDENTITY[sdk=iphoneos*]" = "iPhone Developer";
				COPY_PHASE_STRIP = NO;
				ENABLE_STRICT_OBJC_MSGSEND = YES;
				GCC_C_LANGUAGE_STANDARD = gnu99;
				GCC_DYNAMIC_NO_PIC = NO;
				GCC_OPTIMIZATION_LEVEL = 0;
				GCC_PREPROCESSOR_DEFINITIONS = (
					"DEBUG=1",
					"$(inherited)",
				);
				GCC_SYMBOLS_PRIVATE_EXTERN = NO;
				GCC_WARN_64_TO_32_BIT_CONVERSION = YES;
				GCC_WARN_ABOUT_RETURN_TYPE = YES_ERROR;
				GCC_WARN_UNDECLARED_SELECTOR = YES;
				GCC_WARN_UNINITIALIZED_AUTOS = YES_AGGRESSIVE;
				GCC_WARN_UNUSED_FUNCTION = YES;
				GCC_WARN_UNUSED_VARIABLE = YES;
				IPHONEOS_DEPLOYMENT_TARGET = 8.2;
				MTL_ENABLE_DEBUG_INFO = YES;
				ONLY_ACTIVE_ARCH = YES;
				SDKROOT = iphoneos;
			};
			name = Debug;
		};
		5A22FD9D1B2E92250005AFDC /* Release */ = {
			isa = XCBuildConfiguration;
			buildSettings = {
				ALWAYS_SEARCH_USER_PATHS = NO;
				CLANG_CXX_LANGUAGE_STANDARD = "gnu++0x";
				CLANG_CXX_LIBRARY = "libc++";
				CLANG_ENABLE_MODULES = YES;
				CLANG_ENABLE_OBJC_ARC = YES;
				CLANG_WARN_BOOL_CONVERSION = YES;
				CLANG_WARN_CONSTANT_CONVERSION = YES;
				CLANG_WARN_DIRECT_OBJC_ISA_USAGE = YES_ERROR;
				CLANG_WARN_EMPTY_BODY = YES;
				CLANG_WARN_ENUM_CONVERSION = YES;
				CLANG_WARN_INT_CONVERSION = YES;
				CLANG_WARN_OBJC_ROOT_CLASS = YES_ERROR;
				CLANG_WARN_UNREACHABLE_CODE = YES;
				CLANG_WARN__DUPLICATE_METHOD_MATCH = YES;
				"CODE_SIGN_IDENTITY[sdk=iphoneos*]" = "iPhone Developer";
				COPY_PHASE_STRIP = NO;
				ENABLE_NS_ASSERTIONS = NO;
				ENABLE_STRICT_OBJC_MSGSEND = YES;
				GCC_C_LANGUAGE_STANDARD = gnu99;
				GCC_WARN_64_TO_32_BIT_CONVERSION = YES;
				GCC_WARN_ABOUT_RETURN_TYPE = YES_ERROR;
				GCC_WARN_UNDECLARED_SELECTOR = YES;
				GCC_WARN_UNINITIALIZED_AUTOS = YES_AGGRESSIVE;
				GCC_WARN_UNUSED_FUNCTION = YES;
				GCC_WARN_UNUSED_VARIABLE = YES;
				IPHONEOS_DEPLOYMENT_TARGET = 8.2;
				MTL_ENABLE_DEBUG_INFO = NO;
				SDKROOT = iphoneos;
				VALIDATE_PRODUCT = YES;
			};
			name = Release;
		};
		5A22FD9F1B2E92250005AFDC /* Debug */ = {
			isa = XCBuildConfiguration;
			baseConfigurationReference = E5BE116DB4B747A1039E3A20 /* Pods.debug.xcconfig */;
			buildSettings = {
				ASSETCATALOG_COMPILER_APPICON_NAME = AppIcon;
				FRAMEWORK_SEARCH_PATHS = (
					"$(inherited)",
					"$(PROJECT_DIR)/IDAPCourseUI/Source/Library",
				);
				INFOPLIST_FILE = IDAPCourseUI/Info.plist;
				IPHONEOS_DEPLOYMENT_TARGET = 8.1;
				LD_RUNPATH_SEARCH_PATHS = "$(inherited) @executable_path/Frameworks";
				PRODUCT_NAME = "$(TARGET_NAME)";
			};
			name = Debug;
		};
		5A22FDA01B2E92250005AFDC /* Release */ = {
			isa = XCBuildConfiguration;
			baseConfigurationReference = 61AAF3A10BE74D86D7CEF37A /* Pods.release.xcconfig */;
			buildSettings = {
				ASSETCATALOG_COMPILER_APPICON_NAME = AppIcon;
				FRAMEWORK_SEARCH_PATHS = (
					"$(inherited)",
					"$(PROJECT_DIR)/IDAPCourseUI/Source/Library",
				);
				INFOPLIST_FILE = IDAPCourseUI/Info.plist;
				IPHONEOS_DEPLOYMENT_TARGET = 8.1;
				LD_RUNPATH_SEARCH_PATHS = "$(inherited) @executable_path/Frameworks";
				PRODUCT_NAME = "$(TARGET_NAME)";
			};
			name = Release;
		};
		5A22FDA21B2E92250005AFDC /* Debug */ = {
			isa = XCBuildConfiguration;
			baseConfigurationReference = 5FC4DCCC758417DA7DC968CF /* Pods-IDAPCourseUITests.debug.xcconfig */;
			buildSettings = {
				BUNDLE_LOADER = "$(TEST_HOST)";
				FRAMEWORK_SEARCH_PATHS = (
					"$(SDKROOT)/Developer/Library/Frameworks",
					"$(inherited)",
				);
				GCC_PREPROCESSOR_DEFINITIONS = (
					"DEBUG=1",
					"$(inherited)",
				);
				INFOPLIST_FILE = IDAPCourseUITests/Info.plist;
				LD_RUNPATH_SEARCH_PATHS = "$(inherited) @executable_path/Frameworks @loader_path/Frameworks";
				PRODUCT_NAME = "$(TARGET_NAME)";
				TEST_HOST = "$(BUILT_PRODUCTS_DIR)/IDAPCourseUI.app/IDAPCourseUI";
			};
			name = Debug;
		};
		5A22FDA31B2E92250005AFDC /* Release */ = {
			isa = XCBuildConfiguration;
			baseConfigurationReference = 459BAD12DEC453190A158615 /* Pods-IDAPCourseUITests.release.xcconfig */;
			buildSettings = {
				BUNDLE_LOADER = "$(TEST_HOST)";
				FRAMEWORK_SEARCH_PATHS = (
					"$(SDKROOT)/Developer/Library/Frameworks",
					"$(inherited)",
				);
				INFOPLIST_FILE = IDAPCourseUITests/Info.plist;
				LD_RUNPATH_SEARCH_PATHS = "$(inherited) @executable_path/Frameworks @loader_path/Frameworks";
				PRODUCT_NAME = "$(TARGET_NAME)";
				TEST_HOST = "$(BUILT_PRODUCTS_DIR)/IDAPCourseUI.app/IDAPCourseUI";
			};
			name = Release;
		};
/* End XCBuildConfiguration section */

/* Begin XCConfigurationList section */
		5A22FD761B2E92250005AFDC /* Build configuration list for PBXProject "IDAPCourseUI" */ = {
			isa = XCConfigurationList;
			buildConfigurations = (
				5A22FD9C1B2E92250005AFDC /* Debug */,
				5A22FD9D1B2E92250005AFDC /* Release */,
			);
			defaultConfigurationIsVisible = 0;
			defaultConfigurationName = Release;
		};
		5A22FD9E1B2E92250005AFDC /* Build configuration list for PBXNativeTarget "IDAPCourseUI" */ = {
			isa = XCConfigurationList;
			buildConfigurations = (
				5A22FD9F1B2E92250005AFDC /* Debug */,
				5A22FDA01B2E92250005AFDC /* Release */,
			);
			defaultConfigurationIsVisible = 0;
			defaultConfigurationName = Release;
		};
		5A22FDA11B2E92250005AFDC /* Build configuration list for PBXNativeTarget "IDAPCourseUITests" */ = {
			isa = XCConfigurationList;
			buildConfigurations = (
				5A22FDA21B2E92250005AFDC /* Debug */,
				5A22FDA31B2E92250005AFDC /* Release */,
			);
			defaultConfigurationIsVisible = 0;
			defaultConfigurationName = Release;
		};
/* End XCConfigurationList section */
	};
	rootObject = 5A22FD731B2E92250005AFDC /* Project object */;
}
