// !$*UTF8*$!
{
	archiveVersion = 1;
	classes = {
	};
	objectVersion = 46;
	objects = {

/* Begin PBXBuildFile section */
		5A22FD9B1B2E92250005AFDC /* IDAPCourseUITests.m in Sources */ = {isa = PBXBuildFile; fileRef = 5A22FD9A1B2E92250005AFDC /* IDAPCourseUITests.m */; };
		5A22FDB01B2E935B0005AFDC /* Info.plist in Resources */ = {isa = PBXBuildFile; fileRef = 5A22FDA51B2E935B0005AFDC /* Info.plist */; };
		5A22FDB11B2E935B0005AFDC /* main.m in Sources */ = {isa = PBXBuildFile; fileRef = 5A22FDA61B2E935B0005AFDC /* main.m */; };
		5A22FDB21B2E935B0005AFDC /* LaunchScreen.xib in Resources */ = {isa = PBXBuildFile; fileRef = 5A22FDA81B2E935B0005AFDC /* LaunchScreen.xib */; };
		5A22FDB31B2E935B0005AFDC /* Images.xcassets in Resources */ = {isa = PBXBuildFile; fileRef = 5A22FDAA1B2E935B0005AFDC /* Images.xcassets */; };
		5A22FDB41B2E935B0005AFDC /* TYVAppDelegate.m in Sources */ = {isa = PBXBuildFile; fileRef = 5A22FDAD1B2E935B0005AFDC /* TYVAppDelegate.m */; };
		5A22FDB51B2E935B0005AFDC /* TYVViewController.m in Sources */ = {isa = PBXBuildFile; fileRef = 5A22FDAF1B2E935B0005AFDC /* TYVViewController.m */; };
		5A22FDBD1B2E94E50005AFDC /* UIWindow+TYVExtentions.m in Sources */ = {isa = PBXBuildFile; fileRef = 5A22FDBC1B2E94E50005AFDC /* UIWindow+TYVExtentions.m */; };
/* End PBXBuildFile section */

/* Begin PBXContainerItemProxy section */
		5A22FD951B2E92250005AFDC /* PBXContainerItemProxy */ = {
			isa = PBXContainerItemProxy;
			containerPortal = 5A22FD731B2E92250005AFDC /* Project object */;
			proxyType = 1;
			remoteGlobalIDString = 5A22FD7A1B2E92250005AFDC;
			remoteInfo = IDAPCourseUI;
		};
/* End PBXContainerItemProxy section */

/* Begin PBXFileReference section */
		5A22FD7B1B2E92250005AFDC /* IDAPCourseUI.app */ = {isa = PBXFileReference; explicitFileType = wrapper.application; includeInIndex = 0; path = IDAPCourseUI.app; sourceTree = BUILT_PRODUCTS_DIR; };
		5A22FD941B2E92250005AFDC /* IDAPCourseUITests.xctest */ = {isa = PBXFileReference; explicitFileType = wrapper.cfbundle; includeInIndex = 0; path = IDAPCourseUITests.xctest; sourceTree = BUILT_PRODUCTS_DIR; };
		5A22FD991B2E92250005AFDC /* Info.plist */ = {isa = PBXFileReference; lastKnownFileType = text.plist.xml; path = Info.plist; sourceTree = "<group>"; };
		5A22FD9A1B2E92250005AFDC /* IDAPCourseUITests.m */ = {isa = PBXFileReference; lastKnownFileType = sourcecode.c.objc; path = IDAPCourseUITests.m; sourceTree = "<group>"; };
		5A22FDA51B2E935B0005AFDC /* Info.plist */ = {isa = PBXFileReference; fileEncoding = 4; lastKnownFileType = text.plist.xml; path = Info.plist; sourceTree = "<group>"; };
		5A22FDA61B2E935B0005AFDC /* main.m */ = {isa = PBXFileReference; fileEncoding = 4; lastKnownFileType = sourcecode.c.objc; path = main.m; sourceTree = "<group>"; };
		5A22FDA91B2E935B0005AFDC /* Base */ = {isa = PBXFileReference; lastKnownFileType = file.xib; name = Base; path = Base.lproj/LaunchScreen.xib; sourceTree = "<group>"; };
		5A22FDAA1B2E935B0005AFDC /* Images.xcassets */ = {isa = PBXFileReference; lastKnownFileType = folder.assetcatalog; path = Images.xcassets; sourceTree = "<group>"; };
		5A22FDAC1B2E935B0005AFDC /* TYVAppDelegate.h */ = {isa = PBXFileReference; fileEncoding = 4; lastKnownFileType = sourcecode.c.h; path = TYVAppDelegate.h; sourceTree = "<group>"; };
		5A22FDAD1B2E935B0005AFDC /* TYVAppDelegate.m */ = {isa = PBXFileReference; fileEncoding = 4; lastKnownFileType = sourcecode.c.objc; path = TYVAppDelegate.m; sourceTree = "<group>"; };
		5A22FDAE1B2E935B0005AFDC /* TYVViewController.h */ = {isa = PBXFileReference; fileEncoding = 4; lastKnownFileType = sourcecode.c.h; path = TYVViewController.h; sourceTree = "<group>"; };
		5A22FDAF1B2E935B0005AFDC /* TYVViewController.m */ = {isa = PBXFileReference; fileEncoding = 4; lastKnownFileType = sourcecode.c.objc; path = TYVViewController.m; sourceTree = "<group>"; };
		5A22FDBB1B2E94E50005AFDC /* UIWindow+TYVExtentions.h */ = {isa = PBXFileReference; fileEncoding = 4; lastKnownFileType = sourcecode.c.h; path = "UIWindow+TYVExtentions.h"; sourceTree = "<group>"; };
		5A22FDBC1B2E94E50005AFDC /* UIWindow+TYVExtentions.m */ = {isa = PBXFileReference; fileEncoding = 4; lastKnownFileType = sourcecode.c.objc; path = "UIWindow+TYVExtentions.m"; sourceTree = "<group>"; };
/* End PBXFileReference section */

/* Begin PBXFrameworksBuildPhase section */
		5A22FD781B2E92250005AFDC /* Frameworks */ = {
			isa = PBXFrameworksBuildPhase;
			buildActionMask = 2147483647;
			files = (
			);
			runOnlyForDeploymentPostprocessing = 0;
		};
		5A22FD911B2E92250005AFDC /* Frameworks */ = {
			isa = PBXFrameworksBuildPhase;
			buildActionMask = 2147483647;
			files = (
			);
			runOnlyForDeploymentPostprocessing = 0;
		};
/* End PBXFrameworksBuildPhase section */

/* Begin PBXGroup section */
		5A22FD721B2E92250005AFDC = {
			isa = PBXGroup;
			children = (
				5A22FDA41B2E935B0005AFDC /* IDAPCourseUI */,
				5A22FD971B2E92250005AFDC /* IDAPCourseUITests */,
				5A22FD7C1B2E92250005AFDC /* Products */,
			);
			sourceTree = "<group>";
		};
		5A22FD7C1B2E92250005AFDC /* Products */ = {
			isa = PBXGroup;
			children = (
				5A22FD7B1B2E92250005AFDC /* IDAPCourseUI.app */,
				5A22FD941B2E92250005AFDC /* IDAPCourseUITests.xctest */,
			);
			name = Products;
			sourceTree = "<group>";
		};
		5A22FD971B2E92250005AFDC /* IDAPCourseUITests */ = {
			isa = PBXGroup;
			children = (
				5A22FD9A1B2E92250005AFDC /* IDAPCourseUITests.m */,
				5A22FD981B2E92250005AFDC /* Supporting Files */,
			);
			path = IDAPCourseUITests;
			sourceTree = "<group>";
		};
		5A22FD981B2E92250005AFDC /* Supporting Files */ = {
			isa = PBXGroup;
			children = (
				5A22FD991B2E92250005AFDC /* Info.plist */,
			);
			name = "Supporting Files";
			sourceTree = "<group>";
		};
		5A22FDA41B2E935B0005AFDC /* IDAPCourseUI */ = {
			isa = PBXGroup;
			children = (
				5A22FDA51B2E935B0005AFDC /* Info.plist */,
				5A22FDA61B2E935B0005AFDC /* main.m */,
				5A22FDA71B2E935B0005AFDC /* Resources */,
				5A22FDAB1B2E935B0005AFDC /* Source */,
			);
			path = IDAPCourseUI;
			sourceTree = "<group>";
		};
		5A22FDA71B2E935B0005AFDC /* Resources */ = {
			isa = PBXGroup;
			children = (
				5A22FDA81B2E935B0005AFDC /* LaunchScreen.xib */,
				5A22FDAA1B2E935B0005AFDC /* Images.xcassets */,
			);
			path = Resources;
			sourceTree = "<group>";
		};
		5A22FDAB1B2E935B0005AFDC /* Source */ = {
			isa = PBXGroup;
			children = (
				5A22FDAC1B2E935B0005AFDC /* TYVAppDelegate.h */,
				5A22FDAD1B2E935B0005AFDC /* TYVAppDelegate.m */,
				5A22FDAE1B2E935B0005AFDC /* TYVViewController.h */,
				5A22FDAF1B2E935B0005AFDC /* TYVViewController.m */,
				5A22FDBA1B2E94E50005AFDC /* UIWindow+TYVExtentions */,
			);
			path = Source;
			sourceTree = "<group>";
		};
		5A22FDBA1B2E94E50005AFDC /* UIWindow+TYVExtentions */ = {
			isa = PBXGroup;
			children = (
				5A22FDBB1B2E94E50005AFDC /* UIWindow+TYVExtentions.h */,
				5A22FDBC1B2E94E50005AFDC /* UIWindow+TYVExtentions.m */,
			);
			path = "UIWindow+TYVExtentions";
			sourceTree = "<group>";
		};
/* End PBXGroup section */

/* Begin PBXNativeTarget section */
		5A22FD7A1B2E92250005AFDC /* IDAPCourseUI */ = {
			isa = PBXNativeTarget;
			buildConfigurationList = 5A22FD9E1B2E92250005AFDC /* Build configuration list for PBXNativeTarget "IDAPCourseUI" */;
			buildPhases = (
				5A22FD771B2E92250005AFDC /* Sources */,
				5A22FD781B2E92250005AFDC /* Frameworks */,
				5A22FD791B2E92250005AFDC /* Resources */,
			);
			buildRules = (
			);
			dependencies = (
			);
			name = IDAPCourseUI;
			productName = IDAPCourseUI;
			productReference = 5A22FD7B1B2E92250005AFDC /* IDAPCourseUI.app */;
			productType = "com.apple.product-type.application";
		};
		5A22FD931B2E92250005AFDC /* IDAPCourseUITests */ = {
			isa = PBXNativeTarget;
			buildConfigurationList = 5A22FDA11B2E92250005AFDC /* Build configuration list for PBXNativeTarget "IDAPCourseUITests" */;
			buildPhases = (
				5A22FD901B2E92250005AFDC /* Sources */,
				5A22FD911B2E92250005AFDC /* Frameworks */,
				5A22FD921B2E92250005AFDC /* Resources */,
			);
			buildRules = (
			);
			dependencies = (
				5A22FD961B2E92250005AFDC /* PBXTargetDependency */,
			);
			name = IDAPCourseUITests;
			productName = IDAPCourseUITests;
			productReference = 5A22FD941B2E92250005AFDC /* IDAPCourseUITests.xctest */;
			productType = "com.apple.product-type.bundle.unit-test";
		};
/* End PBXNativeTarget section */

/* Begin PBXProject section */
		5A22FD731B2E92250005AFDC /* Project object */ = {
			isa = PBXProject;
			attributes = {
				CLASSPREFIX = TYV;
				LastUpgradeCheck = 0620;
				ORGANIZATIONNAME = YURII;
				TargetAttributes = {
					5A22FD7A1B2E92250005AFDC = {
						CreatedOnToolsVersion = 6.2;
					};
					5A22FD931B2E92250005AFDC = {
						CreatedOnToolsVersion = 6.2;
						TestTargetID = 5A22FD7A1B2E92250005AFDC;
					};
				};
			};
			buildConfigurationList = 5A22FD761B2E92250005AFDC /* Build configuration list for PBXProject "IDAPCourseUI" */;
			compatibilityVersion = "Xcode 3.2";
			developmentRegion = English;
			hasScannedForEncodings = 0;
			knownRegions = (
				en,
				Base,
			);
			mainGroup = 5A22FD721B2E92250005AFDC;
			productRefGroup = 5A22FD7C1B2E92250005AFDC /* Products */;
			projectDirPath = "";
			projectRoot = "";
			targets = (
				5A22FD7A1B2E92250005AFDC /* IDAPCourseUI */,
				5A22FD931B2E92250005AFDC /* IDAPCourseUITests */,
			);
		};
/* End PBXProject section */

/* Begin PBXResourcesBuildPhase section */
		5A22FD791B2E92250005AFDC /* Resources */ = {
			isa = PBXResourcesBuildPhase;
			buildActionMask = 2147483647;
			files = (
				5A22FDB31B2E935B0005AFDC /* Images.xcassets in Resources */,
				5A22FDB21B2E935B0005AFDC /* LaunchScreen.xib in Resources */,
				5A22FDB01B2E935B0005AFDC /* Info.plist in Resources */,
			);
			runOnlyForDeploymentPostprocessing = 0;
		};
		5A22FD921B2E92250005AFDC /* Resources */ = {
			isa = PBXResourcesBuildPhase;
			buildActionMask = 2147483647;
			files = (
			);
			runOnlyForDeploymentPostprocessing = 0;
		};
/* End PBXResourcesBuildPhase section */

/* Begin PBXSourcesBuildPhase section */
		5A22FD771B2E92250005AFDC /* Sources */ = {
			isa = PBXSourcesBuildPhase;
			buildActionMask = 2147483647;
			files = (
				5A22FDBD1B2E94E50005AFDC /* UIWindow+TYVExtentions.m in Sources */,
				5A22FDB41B2E935B0005AFDC /* TYVAppDelegate.m in Sources */,
				5A22FDB11B2E935B0005AFDC /* main.m in Sources */,
				5A22FDB51B2E935B0005AFDC /* TYVViewController.m in Sources */,
			);
			runOnlyForDeploymentPostprocessing = 0;
		};
		5A22FD901B2E92250005AFDC /* Sources */ = {
			isa = PBXSourcesBuildPhase;
			buildActionMask = 2147483647;
			files = (
				5A22FD9B1B2E92250005AFDC /* IDAPCourseUITests.m in Sources */,
			);
			runOnlyForDeploymentPostprocessing = 0;
		};
/* End PBXSourcesBuildPhase section */

/* Begin PBXTargetDependency section */
		5A22FD961B2E92250005AFDC /* PBXTargetDependency */ = {
			isa = PBXTargetDependency;
			target = 5A22FD7A1B2E92250005AFDC /* IDAPCourseUI */;
			targetProxy = 5A22FD951B2E92250005AFDC /* PBXContainerItemProxy */;
		};
/* End PBXTargetDependency section */

/* Begin PBXVariantGroup section */
		5A22FDA81B2E935B0005AFDC /* LaunchScreen.xib */ = {
			isa = PBXVariantGroup;
			children = (
				5A22FDA91B2E935B0005AFDC /* Base */,
			);
			name = LaunchScreen.xib;
			sourceTree = "<group>";
		};
/* End PBXVariantGroup section */

/* Begin XCBuildConfiguration section */
		5A22FD9C1B2E92250005AFDC /* Debug */ = {
			isa = XCBuildConfiguration;
			buildSettings = {
				ALWAYS_SEARCH_USER_PATHS = NO;
				CLANG_CXX_LANGUAGE_STANDARD = "gnu++0x";
				CLANG_CXX_LIBRARY = "libc++";
				CLANG_ENABLE_MODULES = YES;
				CLANG_ENABLE_OBJC_ARC = YES;
				CLANG_WARN_BOOL_CONVERSION = YES;
				CLANG_WARN_CONSTANT_CONVERSION = YES;
				CLANG_WARN_DIRECT_OBJC_ISA_USAGE = YES_ERROR;
				CLANG_WARN_EMPTY_BODY = YES;
				CLANG_WARN_ENUM_CONVERSION = YES;
				CLANG_WARN_INT_CONVERSION = YES;
				CLANG_WARN_OBJC_ROOT_CLASS = YES_ERROR;
				CLANG_WARN_UNREACHABLE_CODE = YES;
				CLANG_WARN__DUPLICATE_METHOD_MATCH = YES;
				"CODE_SIGN_IDENTITY[sdk=iphoneos*]" = "iPhone Developer";
				COPY_PHASE_STRIP = NO;
				ENABLE_STRICT_OBJC_MSGSEND = YES;
				GCC_C_LANGUAGE_STANDARD = gnu99;
				GCC_DYNAMIC_NO_PIC = NO;
				GCC_OPTIMIZATION_LEVEL = 0;
				GCC_PREPROCESSOR_DEFINITIONS = (
					"DEBUG=1",
					"$(inherited)",
				);
				GCC_SYMBOLS_PRIVATE_EXTERN = NO;
				GCC_WARN_64_TO_32_BIT_CONVERSION = YES;
				GCC_WARN_ABOUT_RETURN_TYPE = YES_ERROR;
				GCC_WARN_UNDECLARED_SELECTOR = YES;
				GCC_WARN_UNINITIALIZED_AUTOS = YES_AGGRESSIVE;
				GCC_WARN_UNUSED_FUNCTION = YES;
				GCC_WARN_UNUSED_VARIABLE = YES;
				IPHONEOS_DEPLOYMENT_TARGET = 8.2;
				MTL_ENABLE_DEBUG_INFO = YES;
				ONLY_ACTIVE_ARCH = YES;
				SDKROOT = iphoneos;
			};
			name = Debug;
		};
		5A22FD9D1B2E92250005AFDC /* Release */ = {
			isa = XCBuildConfiguration;
			buildSettings = {
				ALWAYS_SEARCH_USER_PATHS = NO;
				CLANG_CXX_LANGUAGE_STANDARD = "gnu++0x";
				CLANG_CXX_LIBRARY = "libc++";
				CLANG_ENABLE_MODULES = YES;
				CLANG_ENABLE_OBJC_ARC = YES;
				CLANG_WARN_BOOL_CONVERSION = YES;
				CLANG_WARN_CONSTANT_CONVERSION = YES;
				CLANG_WARN_DIRECT_OBJC_ISA_USAGE = YES_ERROR;
				CLANG_WARN_EMPTY_BODY = YES;
				CLANG_WARN_ENUM_CONVERSION = YES;
				CLANG_WARN_INT_CONVERSION = YES;
				CLANG_WARN_OBJC_ROOT_CLASS = YES_ERROR;
				CLANG_WARN_UNREACHABLE_CODE = YES;
				CLANG_WARN__DUPLICATE_METHOD_MATCH = YES;
				"CODE_SIGN_IDENTITY[sdk=iphoneos*]" = "iPhone Developer";
				COPY_PHASE_STRIP = NO;
				ENABLE_NS_ASSERTIONS = NO;
				ENABLE_STRICT_OBJC_MSGSEND = YES;
				GCC_C_LANGUAGE_STANDARD = gnu99;
				GCC_WARN_64_TO_32_BIT_CONVERSION = YES;
				GCC_WARN_ABOUT_RETURN_TYPE = YES_ERROR;
				GCC_WARN_UNDECLARED_SELECTOR = YES;
				GCC_WARN_UNINITIALIZED_AUTOS = YES_AGGRESSIVE;
				GCC_WARN_UNUSED_FUNCTION = YES;
				GCC_WARN_UNUSED_VARIABLE = YES;
				IPHONEOS_DEPLOYMENT_TARGET = 8.2;
				MTL_ENABLE_DEBUG_INFO = NO;
				SDKROOT = iphoneos;
				VALIDATE_PRODUCT = YES;
			};
			name = Release;
		};
		5A22FD9F1B2E92250005AFDC /* Debug */ = {
			isa = XCBuildConfiguration;
			buildSettings = {
				ASSETCATALOG_COMPILER_APPICON_NAME = AppIcon;
				INFOPLIST_FILE = IDAPCourseUI/Info.plist;
				LD_RUNPATH_SEARCH_PATHS = "$(inherited) @executable_path/Frameworks";
				PRODUCT_NAME = "$(TARGET_NAME)";
			};
			name = Debug;
		};
		5A22FDA01B2E92250005AFDC /* Release */ = {
			isa = XCBuildConfiguration;
			buildSettings = {
				ASSETCATALOG_COMPILER_APPICON_NAME = AppIcon;
				INFOPLIST_FILE = IDAPCourseUI/Info.plist;
				LD_RUNPATH_SEARCH_PATHS = "$(inherited) @executable_path/Frameworks";
				PRODUCT_NAME = "$(TARGET_NAME)";
			};
			name = Release;
		};
		5A22FDA21B2E92250005AFDC /* Debug */ = {
			isa = XCBuildConfiguration;
			buildSettings = {
				BUNDLE_LOADER = "$(TEST_HOST)";
				FRAMEWORK_SEARCH_PATHS = (
					"$(SDKROOT)/Developer/Library/Frameworks",
					"$(inherited)",
				);
				GCC_PREPROCESSOR_DEFINITIONS = (
					"DEBUG=1",
					"$(inherited)",
				);
				INFOPLIST_FILE = IDAPCourseUITests/Info.plist;
				LD_RUNPATH_SEARCH_PATHS = "$(inherited) @executable_path/Frameworks @loader_path/Frameworks";
				PRODUCT_NAME = "$(TARGET_NAME)";
				TEST_HOST = "$(BUILT_PRODUCTS_DIR)/IDAPCourseUI.app/IDAPCourseUI";
			};
			name = Debug;
		};
		5A22FDA31B2E92250005AFDC /* Release */ = {
			isa = XCBuildConfiguration;
			buildSettings = {
				BUNDLE_LOADER = "$(TEST_HOST)";
				FRAMEWORK_SEARCH_PATHS = (
					"$(SDKROOT)/Developer/Library/Frameworks",
					"$(inherited)",
				);
				INFOPLIST_FILE = IDAPCourseUITests/Info.plist;
				LD_RUNPATH_SEARCH_PATHS = "$(inherited) @executable_path/Frameworks @loader_path/Frameworks";
				PRODUCT_NAME = "$(TARGET_NAME)";
				TEST_HOST = "$(BUILT_PRODUCTS_DIR)/IDAPCourseUI.app/IDAPCourseUI";
			};
			name = Release;
		};
/* End XCBuildConfiguration section */

/* Begin XCConfigurationList section */
		5A22FD761B2E92250005AFDC /* Build configuration list for PBXProject "IDAPCourseUI" */ = {
			isa = XCConfigurationList;
			buildConfigurations = (
				5A22FD9C1B2E92250005AFDC /* Debug */,
				5A22FD9D1B2E92250005AFDC /* Release */,
			);
			defaultConfigurationIsVisible = 0;
			defaultConfigurationName = Release;
		};
		5A22FD9E1B2E92250005AFDC /* Build configuration list for PBXNativeTarget "IDAPCourseUI" */ = {
			isa = XCConfigurationList;
			buildConfigurations = (
				5A22FD9F1B2E92250005AFDC /* Debug */,
				5A22FDA01B2E92250005AFDC /* Release */,
			);
			defaultConfigurationIsVisible = 0;
		};
		5A22FDA11B2E92250005AFDC /* Build configuration list for PBXNativeTarget "IDAPCourseUITests" */ = {
			isa = XCConfigurationList;
			buildConfigurations = (
				5A22FDA21B2E92250005AFDC /* Debug */,
				5A22FDA31B2E92250005AFDC /* Release */,
			);
			defaultConfigurationIsVisible = 0;
		};
/* End XCConfigurationList section */
	};
	rootObject = 5A22FD731B2E92250005AFDC /* Project object */;
}
